
Microsoft Visual Studio Solution File, Format Version 12.00
# Visual Studio 15
VisualStudioVersion = 15.0.26730.3
MinimumVisualStudioVersion = 10.0.40219.1
Project("{2150E333-8FDC-42A3-9474-1A3956D46DE8}") = "Cafe.Waiter", "Cafe.Waiter", "{2ED35FA6-D29F-4A7C-8B71-7D1F699A02C3}"
EndProject
Project("{2150E333-8FDC-42A3-9474-1A3956D46DE8}") = "CQRS", "CQRS", "{C8B7C92A-A580-43E6-BC50-86924F408F6F}"
EndProject
Project("{FAE04EC0-301F-11D3-BF4B-00C04F79EFBC}") = "CQRSTutorial.Publisher", "CQRS.Publisher\CQRSTutorial.Publisher.csproj", "{16B09E97-F528-4225-871D-CED500F9D659}"
EndProject
Project("{9A19103F-16F7-4668-BE54-9A1E7A4F7556}") = "Cafe.Waiter.Web", "Cafe.Waiter.Web\Cafe.Waiter.Web.csproj", "{20DC8351-7C03-454D-9E0D-2403FEA7EAB8}"
EndProject
Project("{9A19103F-16F7-4668-BE54-9A1E7A4F7556}") = "Cafe.Waiter.Web.Tests", "Cafe.Waiter.Web.Tests\Cafe.Waiter.Web.Tests.csproj", "{AB0A210E-3E4C-458D-9B38-DB3D46A6C34E}"
EndProject
Project("{9A19103F-16F7-4668-BE54-9A1E7A4F7556}") = "CQRSTutorial.Core", "CQRSTutorial.Core\CQRSTutorial.Core.csproj", "{ADE1A267-93B0-4E8E-979D-BC64B719248E}"
EndProject
Project("{9A19103F-16F7-4668-BE54-9A1E7A4F7556}") = "CQRSTutorial.Core.Tests", "CQRSTutorial.Core.Tests\CQRSTutorial.Core.Tests.csproj", "{E7EA18A2-66C4-4222-9B4E-85EAFF30FA5F}"
EndProject
Project("{9A19103F-16F7-4668-BE54-9A1E7A4F7556}") = "CQRSTutorial.DAL", "CQRSTutorial.DAL\CQRSTutorial.DAL.csproj", "{DDE165B2-EA01-4644-929C-977FBCF8A1D9}"
EndProject
Project("{9A19103F-16F7-4668-BE54-9A1E7A4F7556}") = "CQRSTutorial.DAL.Tests", "CQRSTutorial.DAL.Tests\CQRSTutorial.DAL.Tests.csproj", "{3642A813-8712-44CF-A4EC-97ED6ADC0D82}"
EndProject
Project("{9A19103F-16F7-4668-BE54-9A1E7A4F7556}") = "CQRSTutorial.DAL.Tests.Common", "CQRSTutorial.DAL.Tests.Common\CQRSTutorial.DAL.Tests.Common.csproj", "{AA8EE44F-AFBC-47B5-8DE3-716BDFF0E870}"
EndProject
Project("{9A19103F-16F7-4668-BE54-9A1E7A4F7556}") = "CQRSTutorial.Tests.Common", "CQRSTutorial.Tests.Common\CQRSTutorial.Tests.Common.csproj", "{CE4BCF6D-F6F4-4E39-A662-356A8B4DFBE9}"
EndProject
Project("{9A19103F-16F7-4668-BE54-9A1E7A4F7556}") = "CQRSTutorial.Messaging", "CQRSTutorial.Messaging\CQRSTutorial.Messaging.csproj", "{89F506D4-70AC-4459-8004-041574E70F9E}"
EndProject
Project("{9A19103F-16F7-4668-BE54-9A1E7A4F7556}") = "CQRSTutorial.Messaging.Tests", "CQRSTutorial.Messaging.Tests\CQRSTutorial.Messaging.Tests.csproj", "{AF57D785-481F-4173-9B04-4A8D1C3A2817}"
EndProject
Project("{9A19103F-16F7-4668-BE54-9A1E7A4F7556}") = "Cafe.Waiter.Contracts", "Cafe.Waiter.Contracts\Cafe.Waiter.Contracts.csproj", "{BE344230-0BB8-4474-9FDB-7E8E1975EC70}"
EndProject
Project("{9A19103F-16F7-4668-BE54-9A1E7A4F7556}") = "Cafe.Waiter.Events", "Cafe.Waiter.Events\Cafe.Waiter.Events.csproj", "{0301246F-B376-4E05-B702-1062598956A3}"
EndProject
Project("{9A19103F-16F7-4668-BE54-9A1E7A4F7556}") = "Cafe.Waiter.Commands", "Cafe.Waiter.Commands\Cafe.Waiter.Commands.csproj", "{C0E6FE8B-8568-4E4C-8E84-BAD3A4694722}"
EndProject
Project("{9A19103F-16F7-4668-BE54-9A1E7A4F7556}") = "Cafe.Waiter.Domain", "Cafe.Waiter.Domain\Cafe.Waiter.Domain.csproj", "{E065B94F-8746-4075-8615-EAA61CEB7ADE}"
EndProject
Project("{9A19103F-16F7-4668-BE54-9A1E7A4F7556}") = "Cafe.Waiter.Command.Service", "Cafe.Waiter.Command.Service\Cafe.Waiter.Command.Service.csproj", "{80416668-2A16-428E-9608-846E276E9F58}"
EndProject
Project("{9A19103F-16F7-4668-BE54-9A1E7A4F7556}") = "Cafe.Waiter.Command.Service.Tests", "Cafe.Waiter.Command.Service.Tests\Cafe.Waiter.Command.Service.Tests.csproj", "{A78FCFA2-FEFD-438B-8A58-9AA567693D17}"
EndProject
Project("{9A19103F-16F7-4668-BE54-9A1E7A4F7556}") = "Cafe.Waiter.Domain.Tests", "Cafe.Waiter.Domain.Tests\Cafe.Waiter.Domain.Tests.csproj", "{019B6822-8451-4A1D-8F8F-12A6C6488F09}"
EndProject
Project("{9A19103F-16F7-4668-BE54-9A1E7A4F7556}") = "Cafe.Waiter.Queries.DAL", "Cafe.Waiter.Queries.DAL\Cafe.Waiter.Queries.DAL.csproj", "{7DA2DAB2-0E8E-4CD5-AD43-A6C476610320}"
EndProject
Project("{9A19103F-16F7-4668-BE54-9A1E7A4F7556}") = "Cafe.Waiter.Queries.DAL.Tests", "Cafe.Waiter.Queries.DAL.Tests\Cafe.Waiter.Queries.DAL.Tests.csproj", "{E7950349-5CFA-43A9-851E-3F05E4CCCC05}"
EndProject
Project("{9A19103F-16F7-4668-BE54-9A1E7A4F7556}") = "Cafe.Waiter.EventProjecting.Service", "Cafe.Waiter.EventProjecting.Service\Cafe.Waiter.EventProjecting.Service.csproj", "{1C7CACD5-8D8E-43A3-BE3C-5B15A1A91064}"
EndProject
Project("{9A19103F-16F7-4668-BE54-9A1E7A4F7556}") = "Cafe.Waiter.EventProjecting.Service.Tests", "Cafe.Waiter.EventProjecting.Service.Tests\Cafe.Waiter.EventProjecting.Service.Tests.csproj", "{4B971AA1-ED14-4FD1-9851-C98FA9EADD50}"
EndProject
Project("{FAE04EC0-301F-11D3-BF4B-00C04F79EFBC}") = "CQRSTutorial.Publisher.Tests", "CQRSTutorial.Publisher.Tests\CQRSTutorial.Publisher.Tests.csproj", "{5D35DD1D-D820-4146-83E0-79F2D77C7773}"
EndProject
Global
	GlobalSection(SolutionConfigurationPlatforms) = preSolution
		Debug|Any CPU = Debug|Any CPU
		Release|Any CPU = Release|Any CPU
	EndGlobalSection
	GlobalSection(ProjectConfigurationPlatforms) = postSolution
		{16B09E97-F528-4225-871D-CED500F9D659}.Debug|Any CPU.ActiveCfg = Debug|Any CPU
		{16B09E97-F528-4225-871D-CED500F9D659}.Debug|Any CPU.Build.0 = Debug|Any CPU
		{16B09E97-F528-4225-871D-CED500F9D659}.Release|Any CPU.ActiveCfg = Release|Any CPU
		{16B09E97-F528-4225-871D-CED500F9D659}.Release|Any CPU.Build.0 = Release|Any CPU
		{20DC8351-7C03-454D-9E0D-2403FEA7EAB8}.Debug|Any CPU.ActiveCfg = Debug|Any CPU
		{20DC8351-7C03-454D-9E0D-2403FEA7EAB8}.Debug|Any CPU.Build.0 = Debug|Any CPU
		{20DC8351-7C03-454D-9E0D-2403FEA7EAB8}.Release|Any CPU.ActiveCfg = Release|Any CPU
		{20DC8351-7C03-454D-9E0D-2403FEA7EAB8}.Release|Any CPU.Build.0 = Release|Any CPU
		{AB0A210E-3E4C-458D-9B38-DB3D46A6C34E}.Debug|Any CPU.ActiveCfg = Debug|Any CPU
		{AB0A210E-3E4C-458D-9B38-DB3D46A6C34E}.Debug|Any CPU.Build.0 = Debug|Any CPU
		{AB0A210E-3E4C-458D-9B38-DB3D46A6C34E}.Release|Any CPU.ActiveCfg = Release|Any CPU
		{AB0A210E-3E4C-458D-9B38-DB3D46A6C34E}.Release|Any CPU.Build.0 = Release|Any CPU
		{ADE1A267-93B0-4E8E-979D-BC64B719248E}.Debug|Any CPU.ActiveCfg = Debug|Any CPU
		{ADE1A267-93B0-4E8E-979D-BC64B719248E}.Debug|Any CPU.Build.0 = Debug|Any CPU
		{ADE1A267-93B0-4E8E-979D-BC64B719248E}.Release|Any CPU.ActiveCfg = Release|Any CPU
		{ADE1A267-93B0-4E8E-979D-BC64B719248E}.Release|Any CPU.Build.0 = Release|Any CPU
		{E7EA18A2-66C4-4222-9B4E-85EAFF30FA5F}.Debug|Any CPU.ActiveCfg = Debug|Any CPU
		{E7EA18A2-66C4-4222-9B4E-85EAFF30FA5F}.Debug|Any CPU.Build.0 = Debug|Any CPU
		{E7EA18A2-66C4-4222-9B4E-85EAFF30FA5F}.Release|Any CPU.ActiveCfg = Release|Any CPU
		{E7EA18A2-66C4-4222-9B4E-85EAFF30FA5F}.Release|Any CPU.Build.0 = Release|Any CPU
		{DDE165B2-EA01-4644-929C-977FBCF8A1D9}.Debug|Any CPU.ActiveCfg = Debug|Any CPU
		{DDE165B2-EA01-4644-929C-977FBCF8A1D9}.Debug|Any CPU.Build.0 = Debug|Any CPU
		{DDE165B2-EA01-4644-929C-977FBCF8A1D9}.Release|Any CPU.ActiveCfg = Release|Any CPU
		{DDE165B2-EA01-4644-929C-977FBCF8A1D9}.Release|Any CPU.Build.0 = Release|Any CPU
		{3642A813-8712-44CF-A4EC-97ED6ADC0D82}.Debug|Any CPU.ActiveCfg = Debug|Any CPU
		{3642A813-8712-44CF-A4EC-97ED6ADC0D82}.Debug|Any CPU.Build.0 = Debug|Any CPU
		{3642A813-8712-44CF-A4EC-97ED6ADC0D82}.Release|Any CPU.ActiveCfg = Release|Any CPU
		{3642A813-8712-44CF-A4EC-97ED6ADC0D82}.Release|Any CPU.Build.0 = Release|Any CPU
		{AA8EE44F-AFBC-47B5-8DE3-716BDFF0E870}.Debug|Any CPU.ActiveCfg = Debug|Any CPU
		{AA8EE44F-AFBC-47B5-8DE3-716BDFF0E870}.Debug|Any CPU.Build.0 = Debug|Any CPU
		{AA8EE44F-AFBC-47B5-8DE3-716BDFF0E870}.Release|Any CPU.ActiveCfg = Release|Any CPU
		{AA8EE44F-AFBC-47B5-8DE3-716BDFF0E870}.Release|Any CPU.Build.0 = Release|Any CPU
		{CE4BCF6D-F6F4-4E39-A662-356A8B4DFBE9}.Debug|Any CPU.ActiveCfg = Debug|Any CPU
		{CE4BCF6D-F6F4-4E39-A662-356A8B4DFBE9}.Debug|Any CPU.Build.0 = Debug|Any CPU
		{CE4BCF6D-F6F4-4E39-A662-356A8B4DFBE9}.Release|Any CPU.ActiveCfg = Release|Any CPU
		{CE4BCF6D-F6F4-4E39-A662-356A8B4DFBE9}.Release|Any CPU.Build.0 = Release|Any CPU
		{89F506D4-70AC-4459-8004-041574E70F9E}.Debug|Any CPU.ActiveCfg = Debug|Any CPU
		{89F506D4-70AC-4459-8004-041574E70F9E}.Debug|Any CPU.Build.0 = Debug|Any CPU
		{89F506D4-70AC-4459-8004-041574E70F9E}.Release|Any CPU.ActiveCfg = Release|Any CPU
		{89F506D4-70AC-4459-8004-041574E70F9E}.Release|Any CPU.Build.0 = Release|Any CPU
		{AF57D785-481F-4173-9B04-4A8D1C3A2817}.Debug|Any CPU.ActiveCfg = Debug|Any CPU
		{AF57D785-481F-4173-9B04-4A8D1C3A2817}.Debug|Any CPU.Build.0 = Debug|Any CPU
		{AF57D785-481F-4173-9B04-4A8D1C3A2817}.Release|Any CPU.ActiveCfg = Release|Any CPU
		{AF57D785-481F-4173-9B04-4A8D1C3A2817}.Release|Any CPU.Build.0 = Release|Any CPU
		{BE344230-0BB8-4474-9FDB-7E8E1975EC70}.Debug|Any CPU.ActiveCfg = Debug|Any CPU
		{BE344230-0BB8-4474-9FDB-7E8E1975EC70}.Debug|Any CPU.Build.0 = Debug|Any CPU
		{BE344230-0BB8-4474-9FDB-7E8E1975EC70}.Release|Any CPU.ActiveCfg = Release|Any CPU
		{BE344230-0BB8-4474-9FDB-7E8E1975EC70}.Release|Any CPU.Build.0 = Release|Any CPU
		{0301246F-B376-4E05-B702-1062598956A3}.Debug|Any CPU.ActiveCfg = Debug|Any CPU
		{0301246F-B376-4E05-B702-1062598956A3}.Debug|Any CPU.Build.0 = Debug|Any CPU
		{0301246F-B376-4E05-B702-1062598956A3}.Release|Any CPU.ActiveCfg = Release|Any CPU
		{0301246F-B376-4E05-B702-1062598956A3}.Release|Any CPU.Build.0 = Release|Any CPU
		{C0E6FE8B-8568-4E4C-8E84-BAD3A4694722}.Debug|Any CPU.ActiveCfg = Debug|Any CPU
		{C0E6FE8B-8568-4E4C-8E84-BAD3A4694722}.Debug|Any CPU.Build.0 = Debug|Any CPU
		{C0E6FE8B-8568-4E4C-8E84-BAD3A4694722}.Release|Any CPU.ActiveCfg = Release|Any CPU
		{C0E6FE8B-8568-4E4C-8E84-BAD3A4694722}.Release|Any CPU.Build.0 = Release|Any CPU
		{E065B94F-8746-4075-8615-EAA61CEB7ADE}.Debug|Any CPU.ActiveCfg = Debug|Any CPU
		{E065B94F-8746-4075-8615-EAA61CEB7ADE}.Debug|Any CPU.Build.0 = Debug|Any CPU
		{E065B94F-8746-4075-8615-EAA61CEB7ADE}.Release|Any CPU.ActiveCfg = Release|Any CPU
		{E065B94F-8746-4075-8615-EAA61CEB7ADE}.Release|Any CPU.Build.0 = Release|Any CPU
		{80416668-2A16-428E-9608-846E276E9F58}.Debug|Any CPU.ActiveCfg = Debug|Any CPU
		{80416668-2A16-428E-9608-846E276E9F58}.Debug|Any CPU.Build.0 = Debug|Any CPU
		{80416668-2A16-428E-9608-846E276E9F58}.Release|Any CPU.ActiveCfg = Release|Any CPU
		{80416668-2A16-428E-9608-846E276E9F58}.Release|Any CPU.Build.0 = Release|Any CPU
		{A78FCFA2-FEFD-438B-8A58-9AA567693D17}.Debug|Any CPU.ActiveCfg = Debug|Any CPU
		{A78FCFA2-FEFD-438B-8A58-9AA567693D17}.Debug|Any CPU.Build.0 = Debug|Any CPU
		{A78FCFA2-FEFD-438B-8A58-9AA567693D17}.Release|Any CPU.ActiveCfg = Release|Any CPU
		{A78FCFA2-FEFD-438B-8A58-9AA567693D17}.Release|Any CPU.Build.0 = Release|Any CPU
		{019B6822-8451-4A1D-8F8F-12A6C6488F09}.Debug|Any CPU.ActiveCfg = Debug|Any CPU
		{019B6822-8451-4A1D-8F8F-12A6C6488F09}.Debug|Any CPU.Build.0 = Debug|Any CPU
		{019B6822-8451-4A1D-8F8F-12A6C6488F09}.Release|Any CPU.ActiveCfg = Release|Any CPU
		{019B6822-8451-4A1D-8F8F-12A6C6488F09}.Release|Any CPU.Build.0 = Release|Any CPU
		{7DA2DAB2-0E8E-4CD5-AD43-A6C476610320}.Debug|Any CPU.ActiveCfg = Debug|Any CPU
		{7DA2DAB2-0E8E-4CD5-AD43-A6C476610320}.Debug|Any CPU.Build.0 = Debug|Any CPU
		{7DA2DAB2-0E8E-4CD5-AD43-A6C476610320}.Release|Any CPU.ActiveCfg = Release|Any CPU
		{7DA2DAB2-0E8E-4CD5-AD43-A6C476610320}.Release|Any CPU.Build.0 = Release|Any CPU
		{E7950349-5CFA-43A9-851E-3F05E4CCCC05}.Debug|Any CPU.ActiveCfg = Debug|Any CPU
		{E7950349-5CFA-43A9-851E-3F05E4CCCC05}.Debug|Any CPU.Build.0 = Debug|Any CPU
		{E7950349-5CFA-43A9-851E-3F05E4CCCC05}.Release|Any CPU.ActiveCfg = Release|Any CPU
		{E7950349-5CFA-43A9-851E-3F05E4CCCC05}.Release|Any CPU.Build.0 = Release|Any CPU
		{1C7CACD5-8D8E-43A3-BE3C-5B15A1A91064}.Debug|Any CPU.ActiveCfg = Debug|Any CPU
		{1C7CACD5-8D8E-43A3-BE3C-5B15A1A91064}.Debug|Any CPU.Build.0 = Debug|Any CPU
		{1C7CACD5-8D8E-43A3-BE3C-5B15A1A91064}.Release|Any CPU.ActiveCfg = Release|Any CPU
		{1C7CACD5-8D8E-43A3-BE3C-5B15A1A91064}.Release|Any CPU.Build.0 = Release|Any CPU
		{4B971AA1-ED14-4FD1-9851-C98FA9EADD50}.Debug|Any CPU.ActiveCfg = Debug|Any CPU
		{4B971AA1-ED14-4FD1-9851-C98FA9EADD50}.Debug|Any CPU.Build.0 = Debug|Any CPU
		{4B971AA1-ED14-4FD1-9851-C98FA9EADD50}.Release|Any CPU.ActiveCfg = Release|Any CPU
		{4B971AA1-ED14-4FD1-9851-C98FA9EADD50}.Release|Any CPU.Build.0 = Release|Any CPU
		{5D35DD1D-D820-4146-83E0-79F2D77C7773}.Debug|Any CPU.ActiveCfg = Debug|Any CPU
		{5D35DD1D-D820-4146-83E0-79F2D77C7773}.Debug|Any CPU.Build.0 = Debug|Any CPU
		{5D35DD1D-D820-4146-83E0-79F2D77C7773}.Release|Any CPU.ActiveCfg = Release|Any CPU
		{5D35DD1D-D820-4146-83E0-79F2D77C7773}.Release|Any CPU.Build.0 = Release|Any CPU
	EndGlobalSection
	GlobalSection(SolutionProperties) = preSolution
		HideSolutionNode = FALSE
	EndGlobalSection
	GlobalSection(NestedProjects) = preSolution
		{16B09E97-F528-4225-871D-CED500F9D659} = {C8B7C92A-A580-43E6-BC50-86924F408F6F}
		{20DC8351-7C03-454D-9E0D-2403FEA7EAB8} = {2ED35FA6-D29F-4A7C-8B71-7D1F699A02C3}
		{AB0A210E-3E4C-458D-9B38-DB3D46A6C34E} = {2ED35FA6-D29F-4A7C-8B71-7D1F699A02C3}
		{ADE1A267-93B0-4E8E-979D-BC64B719248E} = {C8B7C92A-A580-43E6-BC50-86924F408F6F}
		{E7EA18A2-66C4-4222-9B4E-85EAFF30FA5F} = {C8B7C92A-A580-43E6-BC50-86924F408F6F}
		{DDE165B2-EA01-4644-929C-977FBCF8A1D9} = {C8B7C92A-A580-43E6-BC50-86924F408F6F}
		{3642A813-8712-44CF-A4EC-97ED6ADC0D82} = {C8B7C92A-A580-43E6-BC50-86924F408F6F}
		{AA8EE44F-AFBC-47B5-8DE3-716BDFF0E870} = {C8B7C92A-A580-43E6-BC50-86924F408F6F}
		{CE4BCF6D-F6F4-4E39-A662-356A8B4DFBE9} = {C8B7C92A-A580-43E6-BC50-86924F408F6F}
		{89F506D4-70AC-4459-8004-041574E70F9E} = {C8B7C92A-A580-43E6-BC50-86924F408F6F}
		{AF57D785-481F-4173-9B04-4A8D1C3A2817} = {C8B7C92A-A580-43E6-BC50-86924F408F6F}
		{BE344230-0BB8-4474-9FDB-7E8E1975EC70} = {2ED35FA6-D29F-4A7C-8B71-7D1F699A02C3}
		{0301246F-B376-4E05-B702-1062598956A3} = {2ED35FA6-D29F-4A7C-8B71-7D1F699A02C3}
		{C0E6FE8B-8568-4E4C-8E84-BAD3A4694722} = {2ED35FA6-D29F-4A7C-8B71-7D1F699A02C3}
		{E065B94F-8746-4075-8615-EAA61CEB7ADE} = {2ED35FA6-D29F-4A7C-8B71-7D1F699A02C3}
		{80416668-2A16-428E-9608-846E276E9F58} = {2ED35FA6-D29F-4A7C-8B71-7D1F699A02C3}
		{A78FCFA2-FEFD-438B-8A58-9AA567693D17} = {2ED35FA6-D29F-4A7C-8B71-7D1F699A02C3}
		{019B6822-8451-4A1D-8F8F-12A6C6488F09} = {2ED35FA6-D29F-4A7C-8B71-7D1F699A02C3}
		{7DA2DAB2-0E8E-4CD5-AD43-A6C476610320} = {2ED35FA6-D29F-4A7C-8B71-7D1F699A02C3}
		{E7950349-5CFA-43A9-851E-3F05E4CCCC05} = {2ED35FA6-D29F-4A7C-8B71-7D1F699A02C3}
		{1C7CACD5-8D8E-43A3-BE3C-5B15A1A91064} = {2ED35FA6-D29F-4A7C-8B71-7D1F699A02C3}
		{4B971AA1-ED14-4FD1-9851-C98FA9EADD50} = {2ED35FA6-D29F-4A7C-8B71-7D1F699A02C3}
		{5D35DD1D-D820-4146-83E0-79F2D77C7773} = {C8B7C92A-A580-43E6-BC50-86924F408F6F}
	EndGlobalSection
	GlobalSection(ExtensibilityGlobals) = postSolution
		SolutionGuid = {82CC2E35-6545-4F3F-A883-30477B81350D}
	EndGlobalSection
EndGlobal
