
Microsoft Visual Studio Solution File, Format Version 12.00
# Visual Studio 15
VisualStudioVersion = 15.0.26730.10
MinimumVisualStudioVersion = 10.0.40219.1
Project("{2150E333-8FDC-42A3-9474-1A3956D46DE8}") = "Cafe.Waiter", "Cafe.Waiter", "{2ED35FA6-D29F-4A7C-8B71-7D1F699A02C3}"
EndProject
Project("{2150E333-8FDC-42A3-9474-1A3956D46DE8}") = "CQRS", "CQRS", "{C8B7C92A-A580-43E6-BC50-86924F408F6F}"
EndProject
Project("{9A19103F-16F7-4668-BE54-9A1E7A4F7556}") = "Cafe.Waiter.Web", "Cafe.Waiter.Web\Cafe.Waiter.Web.csproj", "{20DC8351-7C03-454D-9E0D-2403FEA7EAB8}"
EndProject
Project("{9A19103F-16F7-4668-BE54-9A1E7A4F7556}") = "Cafe.Waiter.Web.Tests", "Cafe.Waiter.Web.Tests\Cafe.Waiter.Web.Tests.csproj", "{AB0A210E-3E4C-458D-9B38-DB3D46A6C34E}"
EndProject
Project("{9A19103F-16F7-4668-BE54-9A1E7A4F7556}") = "CQRSTutorial.Core", "CQRSTutorial.Core\CQRSTutorial.Core.csproj", "{ADE1A267-93B0-4E8E-979D-BC64B719248E}"
EndProject
Project("{9A19103F-16F7-4668-BE54-9A1E7A4F7556}") = "CQRSTutorial.Core.Tests", "CQRSTutorial.Core.Tests\CQRSTutorial.Core.Tests.csproj", "{E7EA18A2-66C4-4222-9B4E-85EAFF30FA5F}"
EndProject
Project("{9A19103F-16F7-4668-BE54-9A1E7A4F7556}") = "CQRSTutorial.DAL.Tests.Common", "CQRSTutorial.DAL.Tests.Common\CQRSTutorial.DAL.Tests.Common.csproj", "{AA8EE44F-AFBC-47B5-8DE3-716BDFF0E870}"
EndProject
Project("{9A19103F-16F7-4668-BE54-9A1E7A4F7556}") = "CQRSTutorial.Tests.Common", "CQRSTutorial.Tests.Common\CQRSTutorial.Tests.Common.csproj", "{CE4BCF6D-F6F4-4E39-A662-356A8B4DFBE9}"
EndProject
Project("{9A19103F-16F7-4668-BE54-9A1E7A4F7556}") = "CQRSTutorial.Messaging", "CQRSTutorial.Messaging\CQRSTutorial.Messaging.csproj", "{89F506D4-70AC-4459-8004-041574E70F9E}"
EndProject
Project("{9A19103F-16F7-4668-BE54-9A1E7A4F7556}") = "Cafe.Waiter.Contracts", "Cafe.Waiter.Contracts\Cafe.Waiter.Contracts.csproj", "{BE344230-0BB8-4474-9FDB-7E8E1975EC70}"
EndProject
Project("{9A19103F-16F7-4668-BE54-9A1E7A4F7556}") = "Cafe.Waiter.Events", "Cafe.Waiter.Events\Cafe.Waiter.Events.csproj", "{0301246F-B376-4E05-B702-1062598956A3}"
EndProject
Project("{9A19103F-16F7-4668-BE54-9A1E7A4F7556}") = "Cafe.Waiter.Commands", "Cafe.Waiter.Commands\Cafe.Waiter.Commands.csproj", "{C0E6FE8B-8568-4E4C-8E84-BAD3A4694722}"
EndProject
Project("{9A19103F-16F7-4668-BE54-9A1E7A4F7556}") = "Cafe.Waiter.Domain", "Cafe.Waiter.Domain\Cafe.Waiter.Domain.csproj", "{E065B94F-8746-4075-8615-EAA61CEB7ADE}"
EndProject
Project("{9A19103F-16F7-4668-BE54-9A1E7A4F7556}") = "Cafe.Waiter.Domain.Tests", "Cafe.Waiter.Domain.Tests\Cafe.Waiter.Domain.Tests.csproj", "{019B6822-8451-4A1D-8F8F-12A6C6488F09}"
EndProject
Project("{9A19103F-16F7-4668-BE54-9A1E7A4F7556}") = "Cafe.Waiter.Queries.DAL", "Cafe.Waiter.Queries.DAL\Cafe.Waiter.Queries.DAL.csproj", "{7DA2DAB2-0E8E-4CD5-AD43-A6C476610320}"
EndProject
Project("{9A19103F-16F7-4668-BE54-9A1E7A4F7556}") = "Cafe.Waiter.Queries.DAL.Tests", "Cafe.Waiter.Queries.DAL.Tests\Cafe.Waiter.Queries.DAL.Tests.csproj", "{E7950349-5CFA-43A9-851E-3F05E4CCCC05}"
EndProject
Project("{9A19103F-16F7-4668-BE54-9A1E7A4F7556}") = "CQRSTutorial.DAL.Common", "CQRSTutorial.DAL.Common\CQRSTutorial.DAL.Common.csproj", "{B51FEC3A-9987-4246-9C6A-AD9D7C151F2D}"
EndProject
Project("{FAE04EC0-301F-11D3-BF4B-00C04F79EFBC}") = "Cafe.Waiter.Command.Service", "Cafe.Waiter.Command.Service\Cafe.Waiter.Command.Service.csproj", "{905C8895-DAD1-4CE5-98CB-BEAA072588E6}"
EndProject
Project("{FAE04EC0-301F-11D3-BF4B-00C04F79EFBC}") = "Cafe.Waiter.Command.Service.Tests", "Cafe.Waiter.Command.Service.Tests\Cafe.Waiter.Command.Service.Tests.csproj", "{9B95B0A2-6C80-4A67-A07D-BF7B8D2B4556}"
EndProject
Project("{FAE04EC0-301F-11D3-BF4B-00C04F79EFBC}") = "CQRSTutorial.DAL", "CQRSTutorial.DAL\CQRSTutorial.DAL.csproj", "{29AD5343-D2DB-4792-A229-CFA27A6A6315}"
EndProject
Project("{FAE04EC0-301F-11D3-BF4B-00C04F79EFBC}") = "CQRSTutorial.Publish", "CQRSTutorial.Publish\CQRSTutorial.Publish.csproj", "{50EF55BA-693B-49A6-B2F5-734D47140C24}"
EndProject
Project("{FAE04EC0-301F-11D3-BF4B-00C04F79EFBC}") = "CQRSTutorial.Publish.Tests", "CQRSTutorial.Publish.Tests\CQRSTutorial.Publish.Tests.csproj", "{0CDE7589-37B0-4037-8A27-26EFD0CE4C98}"
EndProject
Project("{FAE04EC0-301F-11D3-BF4B-00C04F79EFBC}") = "CQRSTutorial.DAL.Tests", "CQRSTutorial.DAL.Tests\CQRSTutorial.DAL.Tests.csproj", "{E6FC0D17-4995-4556-8173-9AAD0C1D8968}"
EndProject
Project("{9A19103F-16F7-4668-BE54-9A1E7A4F7556}") = "CQRSTutorial.Messaging.RabbitMq", "CQRSTutorial.Messaging.RabbitMq\CQRSTutorial.Messaging.RabbitMq.csproj", "{BDE21A32-E548-4106-90D5-060E261055DA}"
EndProject
Project("{FAE04EC0-301F-11D3-BF4B-00C04F79EFBC}") = "CQRSTutorial.Messaging.Tests", "CQRSTutorial.Messaging.Tests\CQRSTutorial.Messaging.Tests.csproj", "{20AA99F4-41EE-45A6-9E11-C76C612DD6DF}"
EndProject
Project("{FAE04EC0-301F-11D3-BF4B-00C04F79EFBC}") = "Cafe.Waiter.EventProjecting.Service", "Cafe.Waiter.EventProjecting.Service\Cafe.Waiter.EventProjecting.Service.csproj", "{2ED24741-9657-4EF9-96F3-541550ABE247}"
EndProject
Project("{FAE04EC0-301F-11D3-BF4B-00C04F79EFBC}") = "Cafe.Waiter.EventProjecting.Service.Tests", "Cafe.Waiter.EventProjecting.Service.Tests\Cafe.Waiter.EventProjecting.Service.Tests.csproj", "{19D030FE-C453-450D-AA8C-22A449DE99B5}"
EndProject
Global
	GlobalSection(SolutionConfigurationPlatforms) = preSolution
		Debug|Any CPU = Debug|Any CPU
		Release|Any CPU = Release|Any CPU
	EndGlobalSection
	GlobalSection(ProjectConfigurationPlatforms) = postSolution
		{20DC8351-7C03-454D-9E0D-2403FEA7EAB8}.Debug|Any CPU.ActiveCfg = Debug|Any CPU
		{20DC8351-7C03-454D-9E0D-2403FEA7EAB8}.Debug|Any CPU.Build.0 = Debug|Any CPU
		{20DC8351-7C03-454D-9E0D-2403FEA7EAB8}.Release|Any CPU.ActiveCfg = Release|Any CPU
		{20DC8351-7C03-454D-9E0D-2403FEA7EAB8}.Release|Any CPU.Build.0 = Release|Any CPU
		{AB0A210E-3E4C-458D-9B38-DB3D46A6C34E}.Debug|Any CPU.ActiveCfg = Debug|Any CPU
		{AB0A210E-3E4C-458D-9B38-DB3D46A6C34E}.Debug|Any CPU.Build.0 = Debug|Any CPU
		{AB0A210E-3E4C-458D-9B38-DB3D46A6C34E}.Release|Any CPU.ActiveCfg = Release|Any CPU
		{AB0A210E-3E4C-458D-9B38-DB3D46A6C34E}.Release|Any CPU.Build.0 = Release|Any CPU
		{ADE1A267-93B0-4E8E-979D-BC64B719248E}.Debug|Any CPU.ActiveCfg = Debug|Any CPU
		{ADE1A267-93B0-4E8E-979D-BC64B719248E}.Debug|Any CPU.Build.0 = Debug|Any CPU
		{ADE1A267-93B0-4E8E-979D-BC64B719248E}.Release|Any CPU.ActiveCfg = Release|Any CPU
		{ADE1A267-93B0-4E8E-979D-BC64B719248E}.Release|Any CPU.Build.0 = Release|Any CPU
		{E7EA18A2-66C4-4222-9B4E-85EAFF30FA5F}.Debug|Any CPU.ActiveCfg = Debug|Any CPU
		{E7EA18A2-66C4-4222-9B4E-85EAFF30FA5F}.Debug|Any CPU.Build.0 = Debug|Any CPU
		{E7EA18A2-66C4-4222-9B4E-85EAFF30FA5F}.Release|Any CPU.ActiveCfg = Release|Any CPU
		{E7EA18A2-66C4-4222-9B4E-85EAFF30FA5F}.Release|Any CPU.Build.0 = Release|Any CPU
		{AA8EE44F-AFBC-47B5-8DE3-716BDFF0E870}.Debug|Any CPU.ActiveCfg = Debug|Any CPU
		{AA8EE44F-AFBC-47B5-8DE3-716BDFF0E870}.Debug|Any CPU.Build.0 = Debug|Any CPU
		{AA8EE44F-AFBC-47B5-8DE3-716BDFF0E870}.Release|Any CPU.ActiveCfg = Release|Any CPU
		{AA8EE44F-AFBC-47B5-8DE3-716BDFF0E870}.Release|Any CPU.Build.0 = Release|Any CPU
		{CE4BCF6D-F6F4-4E39-A662-356A8B4DFBE9}.Debug|Any CPU.ActiveCfg = Debug|Any CPU
		{CE4BCF6D-F6F4-4E39-A662-356A8B4DFBE9}.Debug|Any CPU.Build.0 = Debug|Any CPU
		{CE4BCF6D-F6F4-4E39-A662-356A8B4DFBE9}.Release|Any CPU.ActiveCfg = Release|Any CPU
		{CE4BCF6D-F6F4-4E39-A662-356A8B4DFBE9}.Release|Any CPU.Build.0 = Release|Any CPU
		{89F506D4-70AC-4459-8004-041574E70F9E}.Debug|Any CPU.ActiveCfg = Debug|Any CPU
		{89F506D4-70AC-4459-8004-041574E70F9E}.Debug|Any CPU.Build.0 = Debug|Any CPU
		{89F506D4-70AC-4459-8004-041574E70F9E}.Release|Any CPU.ActiveCfg = Release|Any CPU
		{89F506D4-70AC-4459-8004-041574E70F9E}.Release|Any CPU.Build.0 = Release|Any CPU
		{BE344230-0BB8-4474-9FDB-7E8E1975EC70}.Debug|Any CPU.ActiveCfg = Debug|Any CPU
		{BE344230-0BB8-4474-9FDB-7E8E1975EC70}.Debug|Any CPU.Build.0 = Debug|Any CPU
		{BE344230-0BB8-4474-9FDB-7E8E1975EC70}.Release|Any CPU.ActiveCfg = Release|Any CPU
		{BE344230-0BB8-4474-9FDB-7E8E1975EC70}.Release|Any CPU.Build.0 = Release|Any CPU
		{0301246F-B376-4E05-B702-1062598956A3}.Debug|Any CPU.ActiveCfg = Debug|Any CPU
		{0301246F-B376-4E05-B702-1062598956A3}.Debug|Any CPU.Build.0 = Debug|Any CPU
		{0301246F-B376-4E05-B702-1062598956A3}.Release|Any CPU.ActiveCfg = Release|Any CPU
		{0301246F-B376-4E05-B702-1062598956A3}.Release|Any CPU.Build.0 = Release|Any CPU
		{C0E6FE8B-8568-4E4C-8E84-BAD3A4694722}.Debug|Any CPU.ActiveCfg = Debug|Any CPU
		{C0E6FE8B-8568-4E4C-8E84-BAD3A4694722}.Debug|Any CPU.Build.0 = Debug|Any CPU
		{C0E6FE8B-8568-4E4C-8E84-BAD3A4694722}.Release|Any CPU.ActiveCfg = Release|Any CPU
		{C0E6FE8B-8568-4E4C-8E84-BAD3A4694722}.Release|Any CPU.Build.0 = Release|Any CPU
		{E065B94F-8746-4075-8615-EAA61CEB7ADE}.Debug|Any CPU.ActiveCfg = Debug|Any CPU
		{E065B94F-8746-4075-8615-EAA61CEB7ADE}.Debug|Any CPU.Build.0 = Debug|Any CPU
		{E065B94F-8746-4075-8615-EAA61CEB7ADE}.Release|Any CPU.ActiveCfg = Release|Any CPU
		{E065B94F-8746-4075-8615-EAA61CEB7ADE}.Release|Any CPU.Build.0 = Release|Any CPU
		{019B6822-8451-4A1D-8F8F-12A6C6488F09}.Debug|Any CPU.ActiveCfg = Debug|Any CPU
		{019B6822-8451-4A1D-8F8F-12A6C6488F09}.Debug|Any CPU.Build.0 = Debug|Any CPU
		{019B6822-8451-4A1D-8F8F-12A6C6488F09}.Release|Any CPU.ActiveCfg = Release|Any CPU
		{019B6822-8451-4A1D-8F8F-12A6C6488F09}.Release|Any CPU.Build.0 = Release|Any CPU
		{7DA2DAB2-0E8E-4CD5-AD43-A6C476610320}.Debug|Any CPU.ActiveCfg = Debug|Any CPU
		{7DA2DAB2-0E8E-4CD5-AD43-A6C476610320}.Debug|Any CPU.Build.0 = Debug|Any CPU
		{7DA2DAB2-0E8E-4CD5-AD43-A6C476610320}.Release|Any CPU.ActiveCfg = Release|Any CPU
		{7DA2DAB2-0E8E-4CD5-AD43-A6C476610320}.Release|Any CPU.Build.0 = Release|Any CPU
		{E7950349-5CFA-43A9-851E-3F05E4CCCC05}.Debug|Any CPU.ActiveCfg = Debug|Any CPU
		{E7950349-5CFA-43A9-851E-3F05E4CCCC05}.Debug|Any CPU.Build.0 = Debug|Any CPU
		{E7950349-5CFA-43A9-851E-3F05E4CCCC05}.Release|Any CPU.ActiveCfg = Release|Any CPU
		{E7950349-5CFA-43A9-851E-3F05E4CCCC05}.Release|Any CPU.Build.0 = Release|Any CPU
		{B51FEC3A-9987-4246-9C6A-AD9D7C151F2D}.Debug|Any CPU.ActiveCfg = Debug|Any CPU
		{B51FEC3A-9987-4246-9C6A-AD9D7C151F2D}.Debug|Any CPU.Build.0 = Debug|Any CPU
		{B51FEC3A-9987-4246-9C6A-AD9D7C151F2D}.Release|Any CPU.ActiveCfg = Release|Any CPU
		{B51FEC3A-9987-4246-9C6A-AD9D7C151F2D}.Release|Any CPU.Build.0 = Release|Any CPU
		{905C8895-DAD1-4CE5-98CB-BEAA072588E6}.Debug|Any CPU.ActiveCfg = Debug|Any CPU
		{905C8895-DAD1-4CE5-98CB-BEAA072588E6}.Debug|Any CPU.Build.0 = Debug|Any CPU
		{905C8895-DAD1-4CE5-98CB-BEAA072588E6}.Release|Any CPU.ActiveCfg = Release|Any CPU
		{905C8895-DAD1-4CE5-98CB-BEAA072588E6}.Release|Any CPU.Build.0 = Release|Any CPU
		{9B95B0A2-6C80-4A67-A07D-BF7B8D2B4556}.Debug|Any CPU.ActiveCfg = Debug|Any CPU
		{9B95B0A2-6C80-4A67-A07D-BF7B8D2B4556}.Debug|Any CPU.Build.0 = Debug|Any CPU
		{9B95B0A2-6C80-4A67-A07D-BF7B8D2B4556}.Release|Any CPU.ActiveCfg = Release|Any CPU
		{9B95B0A2-6C80-4A67-A07D-BF7B8D2B4556}.Release|Any CPU.Build.0 = Release|Any CPU
		{29AD5343-D2DB-4792-A229-CFA27A6A6315}.Debug|Any CPU.ActiveCfg = Debug|Any CPU
		{29AD5343-D2DB-4792-A229-CFA27A6A6315}.Debug|Any CPU.Build.0 = Debug|Any CPU
		{29AD5343-D2DB-4792-A229-CFA27A6A6315}.Release|Any CPU.ActiveCfg = Release|Any CPU
		{29AD5343-D2DB-4792-A229-CFA27A6A6315}.Release|Any CPU.Build.0 = Release|Any CPU
		{50EF55BA-693B-49A6-B2F5-734D47140C24}.Debug|Any CPU.ActiveCfg = Debug|Any CPU
		{50EF55BA-693B-49A6-B2F5-734D47140C24}.Debug|Any CPU.Build.0 = Debug|Any CPU
		{50EF55BA-693B-49A6-B2F5-734D47140C24}.Release|Any CPU.ActiveCfg = Release|Any CPU
		{50EF55BA-693B-49A6-B2F5-734D47140C24}.Release|Any CPU.Build.0 = Release|Any CPU
		{0CDE7589-37B0-4037-8A27-26EFD0CE4C98}.Debug|Any CPU.ActiveCfg = Debug|Any CPU
		{0CDE7589-37B0-4037-8A27-26EFD0CE4C98}.Debug|Any CPU.Build.0 = Debug|Any CPU
		{0CDE7589-37B0-4037-8A27-26EFD0CE4C98}.Release|Any CPU.ActiveCfg = Release|Any CPU
		{0CDE7589-37B0-4037-8A27-26EFD0CE4C98}.Release|Any CPU.Build.0 = Release|Any CPU
		{E6FC0D17-4995-4556-8173-9AAD0C1D8968}.Debug|Any CPU.ActiveCfg = Debug|Any CPU
		{E6FC0D17-4995-4556-8173-9AAD0C1D8968}.Debug|Any CPU.Build.0 = Debug|Any CPU
		{E6FC0D17-4995-4556-8173-9AAD0C1D8968}.Release|Any CPU.ActiveCfg = Release|Any CPU
		{E6FC0D17-4995-4556-8173-9AAD0C1D8968}.Release|Any CPU.Build.0 = Release|Any CPU
		{BDE21A32-E548-4106-90D5-060E261055DA}.Debug|Any CPU.ActiveCfg = Debug|Any CPU
		{BDE21A32-E548-4106-90D5-060E261055DA}.Debug|Any CPU.Build.0 = Debug|Any CPU
		{BDE21A32-E548-4106-90D5-060E261055DA}.Release|Any CPU.ActiveCfg = Release|Any CPU
		{BDE21A32-E548-4106-90D5-060E261055DA}.Release|Any CPU.Build.0 = Release|Any CPU
		{20AA99F4-41EE-45A6-9E11-C76C612DD6DF}.Debug|Any CPU.ActiveCfg = Debug|Any CPU
		{20AA99F4-41EE-45A6-9E11-C76C612DD6DF}.Debug|Any CPU.Build.0 = Debug|Any CPU
		{20AA99F4-41EE-45A6-9E11-C76C612DD6DF}.Release|Any CPU.ActiveCfg = Release|Any CPU
		{20AA99F4-41EE-45A6-9E11-C76C612DD6DF}.Release|Any CPU.Build.0 = Release|Any CPU
		{2ED24741-9657-4EF9-96F3-541550ABE247}.Debug|Any CPU.ActiveCfg = Debug|Any CPU
		{2ED24741-9657-4EF9-96F3-541550ABE247}.Debug|Any CPU.Build.0 = Debug|Any CPU
		{2ED24741-9657-4EF9-96F3-541550ABE247}.Release|Any CPU.ActiveCfg = Release|Any CPU
		{2ED24741-9657-4EF9-96F3-541550ABE247}.Release|Any CPU.Build.0 = Release|Any CPU
		{19D030FE-C453-450D-AA8C-22A449DE99B5}.Debug|Any CPU.ActiveCfg = Debug|Any CPU
		{19D030FE-C453-450D-AA8C-22A449DE99B5}.Debug|Any CPU.Build.0 = Debug|Any CPU
		{19D030FE-C453-450D-AA8C-22A449DE99B5}.Release|Any CPU.ActiveCfg = Release|Any CPU
		{19D030FE-C453-450D-AA8C-22A449DE99B5}.Release|Any CPU.Build.0 = Release|Any CPU
	EndGlobalSection
	GlobalSection(SolutionProperties) = preSolution
		HideSolutionNode = FALSE
	EndGlobalSection
	GlobalSection(NestedProjects) = preSolution
		{20DC8351-7C03-454D-9E0D-2403FEA7EAB8} = {2ED35FA6-D29F-4A7C-8B71-7D1F699A02C3}
		{AB0A210E-3E4C-458D-9B38-DB3D46A6C34E} = {2ED35FA6-D29F-4A7C-8B71-7D1F699A02C3}
		{ADE1A267-93B0-4E8E-979D-BC64B719248E} = {C8B7C92A-A580-43E6-BC50-86924F408F6F}
		{E7EA18A2-66C4-4222-9B4E-85EAFF30FA5F} = {C8B7C92A-A580-43E6-BC50-86924F408F6F}
		{AA8EE44F-AFBC-47B5-8DE3-716BDFF0E870} = {C8B7C92A-A580-43E6-BC50-86924F408F6F}
		{CE4BCF6D-F6F4-4E39-A662-356A8B4DFBE9} = {C8B7C92A-A580-43E6-BC50-86924F408F6F}
		{89F506D4-70AC-4459-8004-041574E70F9E} = {C8B7C92A-A580-43E6-BC50-86924F408F6F}
		{BE344230-0BB8-4474-9FDB-7E8E1975EC70} = {2ED35FA6-D29F-4A7C-8B71-7D1F699A02C3}
		{0301246F-B376-4E05-B702-1062598956A3} = {2ED35FA6-D29F-4A7C-8B71-7D1F699A02C3}
		{C0E6FE8B-8568-4E4C-8E84-BAD3A4694722} = {2ED35FA6-D29F-4A7C-8B71-7D1F699A02C3}
		{E065B94F-8746-4075-8615-EAA61CEB7ADE} = {2ED35FA6-D29F-4A7C-8B71-7D1F699A02C3}
		{019B6822-8451-4A1D-8F8F-12A6C6488F09} = {2ED35FA6-D29F-4A7C-8B71-7D1F699A02C3}
		{7DA2DAB2-0E8E-4CD5-AD43-A6C476610320} = {2ED35FA6-D29F-4A7C-8B71-7D1F699A02C3}
		{E7950349-5CFA-43A9-851E-3F05E4CCCC05} = {2ED35FA6-D29F-4A7C-8B71-7D1F699A02C3}
		{B51FEC3A-9987-4246-9C6A-AD9D7C151F2D} = {C8B7C92A-A580-43E6-BC50-86924F408F6F}
		{905C8895-DAD1-4CE5-98CB-BEAA072588E6} = {2ED35FA6-D29F-4A7C-8B71-7D1F699A02C3}
		{9B95B0A2-6C80-4A67-A07D-BF7B8D2B4556} = {2ED35FA6-D29F-4A7C-8B71-7D1F699A02C3}
		{29AD5343-D2DB-4792-A229-CFA27A6A6315} = {C8B7C92A-A580-43E6-BC50-86924F408F6F}
		{50EF55BA-693B-49A6-B2F5-734D47140C24} = {C8B7C92A-A580-43E6-BC50-86924F408F6F}
		{0CDE7589-37B0-4037-8A27-26EFD0CE4C98} = {C8B7C92A-A580-43E6-BC50-86924F408F6F}
		{E6FC0D17-4995-4556-8173-9AAD0C1D8968} = {C8B7C92A-A580-43E6-BC50-86924F408F6F}
		{BDE21A32-E548-4106-90D5-060E261055DA} = {C8B7C92A-A580-43E6-BC50-86924F408F6F}
		{20AA99F4-41EE-45A6-9E11-C76C612DD6DF} = {C8B7C92A-A580-43E6-BC50-86924F408F6F}
		{2ED24741-9657-4EF9-96F3-541550ABE247} = {2ED35FA6-D29F-4A7C-8B71-7D1F699A02C3}
		{19D030FE-C453-450D-AA8C-22A449DE99B5} = {2ED35FA6-D29F-4A7C-8B71-7D1F699A02C3}
	EndGlobalSection
	GlobalSection(ExtensibilityGlobals) = postSolution
		SolutionGuid = {82CC2E35-6545-4F3F-A883-30477B81350D}
	EndGlobalSection
EndGlobal
