
Microsoft Visual Studio Solution File, Format Version 12.00
# Visual Studio 15
VisualStudioVersion = 15.0.26730.10
MinimumVisualStudioVersion = 10.0.40219.1
Project("{2150E333-8FDC-42A3-9474-1A3956D46DE8}") = "Cafe.Waiter", "Cafe.Waiter", "{2ED35FA6-D29F-4A7C-8B71-7D1F699A02C3}"
EndProject
Project("{2150E333-8FDC-42A3-9474-1A3956D46DE8}") = "CQRS", "CQRS", "{C8B7C92A-A580-43E6-BC50-86924F408F6F}"
EndProject
Project("{FAE04EC0-301F-11D3-BF4B-00C04F79EFBC}") = "CQRSTutorial.Publisher", "CQRS.Publisher\CQRSTutorial.Publisher.csproj", "{16B09E97-F528-4225-871D-CED500F9D659}"
EndProject
Project("{FAE04EC0-301F-11D3-BF4B-00C04F79EFBC}") = "Cafe.Waiter.Publish.Service", "Cafe.Waiter.Publish.Service\Cafe.Waiter.Publish.Service.csproj", "{BDB98A94-3FFA-40CF-8FDB-49B5E4C7397F}"
EndProject
Project("{FAE04EC0-301F-11D3-BF4B-00C04F79EFBC}") = "CQRSTutorial.Publisher.Tests", "CQRSTutorial.Publisher.Tests\CQRSTutorial.Publisher.Tests.csproj", "{5D35DD1D-D820-4146-83E0-79F2D77C7773}"
EndProject
Project("{FAE04EC0-301F-11D3-BF4B-00C04F79EFBC}") = "Cafe.Waiter.Publish.Service.Tests", "Cafe.Waiter.Publish.Service.Tests\Cafe.Waiter.Publish.Service.Tests.csproj", "{3FF2D544-CC60-4883-AECB-81BEA2065533}"
EndProject
Project("{FAE04EC0-301F-11D3-BF4B-00C04F79EFBC}") = "Cafe.Waiter.Contracts", "Cafe.Waiter.Contracts\Cafe.Waiter.Contracts.csproj", "{2D4C28BD-D280-40F7-A1B5-D3F0E0F2BBAC}"
EndProject
Project("{FAE04EC0-301F-11D3-BF4B-00C04F79EFBC}") = "Cafe.Waiter.Queries.DAL", "Cafe.Waiter.Queries.DAL\Cafe.Waiter.Queries.DAL.csproj", "{AA60EE59-5D0F-4972-A2C0-B648D5088263}"
EndProject
Project("{FAE04EC0-301F-11D3-BF4B-00C04F79EFBC}") = "Cafe.Waiter.Queries.DAL.Tests", "Cafe.Waiter.Queries.DAL.Tests\Cafe.Waiter.Queries.DAL.Tests.csproj", "{386096EB-A999-4C81-B689-C09711E12A2C}"
EndProject
Project("{FAE04EC0-301F-11D3-BF4B-00C04F79EFBC}") = "Cafe.Waiter.EventProjecting.Service.Tests", "Cafe.Waiter.Query.Service.Tests\Cafe.Waiter.EventProjecting.Service.Tests.csproj", "{AA16BF63-A07A-4104-9A15-6FBD05E68F78}"
EndProject
Project("{FAE04EC0-301F-11D3-BF4B-00C04F79EFBC}") = "Cafe.Waiter.EventProjecting.Service", "Cafe.Waiter.Query.Service\Cafe.Waiter.EventProjecting.Service.csproj", "{0B8C1721-83CE-49E8-BF1C-16EA613E487E}"
EndProject
Project("{FAE04EC0-301F-11D3-BF4B-00C04F79EFBC}") = "Cafe.Waiter.Domain", "Cafe.Waiter.Domain\Cafe.Waiter.Domain.csproj", "{CB20D510-0CC5-4FBA-9B6F-EC7C32F3B62E}"
EndProject
Project("{FAE04EC0-301F-11D3-BF4B-00C04F79EFBC}") = "Cafe.Waiter.Domain.Tests", "Cafe.Waiter.Domain.Tests\Cafe.Waiter.Domain.Tests.csproj", "{0CA8051B-D97B-4F85-8BD3-EE74107D8A44}"
EndProject
Project("{FAE04EC0-301F-11D3-BF4B-00C04F79EFBC}") = "Cafe.Waiter.Events", "Cafe.Waiter.Events\Cafe.Waiter.Events.csproj", "{A779393D-834E-4C7C-BFA8-FF81CB5BB4FD}"
EndProject
Project("{FAE04EC0-301F-11D3-BF4B-00C04F79EFBC}") = "Cafe.Waiter.Command.Service", "Cafe.Waiter.Command.Service\Cafe.Waiter.Command.Service.csproj", "{5B5CD546-4344-4600-B424-637D2CA4D8CA}"
EndProject
Project("{FAE04EC0-301F-11D3-BF4B-00C04F79EFBC}") = "Cafe.Waiter.Command.Service.Tests", "Cafe.Waiter.Command.Service.Tests\Cafe.Waiter.Command.Service.Tests.csproj", "{AD5EF53E-A25F-43CC-9CE7-232A6F844426}"
EndProject
Project("{FAE04EC0-301F-11D3-BF4B-00C04F79EFBC}") = "Cafe.Waiter.Commands", "Cafe.Waiter.Commands\Cafe.Waiter.Commands.csproj", "{BA00DEC3-B944-47E7-8571-145C71DCB0B4}"
EndProject
Project("{FAE04EC0-301F-11D3-BF4B-00C04F79EFBC}") = "CQRSTutorial.Messaging", "CQRSTutorial.Messaging\CQRSTutorial.Messaging.csproj", "{6D6C34D5-5AE9-41E5-B55A-B47552F83BC9}"
EndProject
Project("{FAE04EC0-301F-11D3-BF4B-00C04F79EFBC}") = "CQRSTutorial.Messaging.Tests", "CQRSTutorial.Messaging.Tests\CQRSTutorial.Messaging.Tests.csproj", "{9709D0C0-71A9-4F0A-A65B-718E5112BAC1}"
EndProject
Project("{9A19103F-16F7-4668-BE54-9A1E7A4F7556}") = "Cafe.Waiter.Web", "Cafe.Waiter.Web\Cafe.Waiter.Web.csproj", "{20DC8351-7C03-454D-9E0D-2403FEA7EAB8}"
EndProject
Project("{9A19103F-16F7-4668-BE54-9A1E7A4F7556}") = "Cafe.Waiter.Web.Tests", "Cafe.Waiter.Web.Tests\Cafe.Waiter.Web.Tests.csproj", "{AB0A210E-3E4C-458D-9B38-DB3D46A6C34E}"
EndProject
Project("{9A19103F-16F7-4668-BE54-9A1E7A4F7556}") = "CQRSTutorial.Core", "CQRSTutorial.Core\CQRSTutorial.Core.csproj", "{ADE1A267-93B0-4E8E-979D-BC64B719248E}"
EndProject
Project("{9A19103F-16F7-4668-BE54-9A1E7A4F7556}") = "CQRSTutorial.Core.Tests", "CQRSTutorial.Core.Tests\CQRSTutorial.Core.Tests.csproj", "{E7EA18A2-66C4-4222-9B4E-85EAFF30FA5F}"
EndProject
Project("{9A19103F-16F7-4668-BE54-9A1E7A4F7556}") = "CQRSTutorial.DAL", "CQRSTutorial.DAL\CQRSTutorial.DAL.csproj", "{DDE165B2-EA01-4644-929C-977FBCF8A1D9}"
EndProject
Project("{9A19103F-16F7-4668-BE54-9A1E7A4F7556}") = "CQRSTutorial.DAL.Tests", "CQRSTutorial.DAL.Tests\CQRSTutorial.DAL.Tests.csproj", "{3642A813-8712-44CF-A4EC-97ED6ADC0D82}"
EndProject
Project("{FAE04EC0-301F-11D3-BF4B-00C04F79EFBC}") = "CQRSTutorial.DAL.Tests.Common", "CQRSTutorial.DAL.Tests.Common\CQRSTutorial.DAL.Tests.Common.csproj", "{AA8EE44F-AFBC-47B5-8DE3-716BDFF0E870}"
EndProject
Project("{FAE04EC0-301F-11D3-BF4B-00C04F79EFBC}") = "CQRSTutorial.Tests.Common", "CQRSTutorial.Tests.Common\CQRSTutorial.Tests.Common.csproj", "{CE4BCF6D-F6F4-4E39-A662-356A8B4DFBE9}"
EndProject
Global
	GlobalSection(SolutionConfigurationPlatforms) = preSolution
		Debug|Any CPU = Debug|Any CPU
		Release|Any CPU = Release|Any CPU
	EndGlobalSection
	GlobalSection(ProjectConfigurationPlatforms) = postSolution
		{16B09E97-F528-4225-871D-CED500F9D659}.Debug|Any CPU.ActiveCfg = Debug|Any CPU
		{16B09E97-F528-4225-871D-CED500F9D659}.Debug|Any CPU.Build.0 = Debug|Any CPU
		{16B09E97-F528-4225-871D-CED500F9D659}.Release|Any CPU.ActiveCfg = Release|Any CPU
		{16B09E97-F528-4225-871D-CED500F9D659}.Release|Any CPU.Build.0 = Release|Any CPU
		{BDB98A94-3FFA-40CF-8FDB-49B5E4C7397F}.Debug|Any CPU.ActiveCfg = Debug|Any CPU
		{BDB98A94-3FFA-40CF-8FDB-49B5E4C7397F}.Debug|Any CPU.Build.0 = Debug|Any CPU
		{BDB98A94-3FFA-40CF-8FDB-49B5E4C7397F}.Release|Any CPU.ActiveCfg = Release|Any CPU
		{BDB98A94-3FFA-40CF-8FDB-49B5E4C7397F}.Release|Any CPU.Build.0 = Release|Any CPU
		{5D35DD1D-D820-4146-83E0-79F2D77C7773}.Debug|Any CPU.ActiveCfg = Debug|Any CPU
		{5D35DD1D-D820-4146-83E0-79F2D77C7773}.Debug|Any CPU.Build.0 = Debug|Any CPU
		{5D35DD1D-D820-4146-83E0-79F2D77C7773}.Release|Any CPU.ActiveCfg = Release|Any CPU
		{5D35DD1D-D820-4146-83E0-79F2D77C7773}.Release|Any CPU.Build.0 = Release|Any CPU
		{3FF2D544-CC60-4883-AECB-81BEA2065533}.Debug|Any CPU.ActiveCfg = Debug|Any CPU
		{3FF2D544-CC60-4883-AECB-81BEA2065533}.Debug|Any CPU.Build.0 = Debug|Any CPU
		{3FF2D544-CC60-4883-AECB-81BEA2065533}.Release|Any CPU.ActiveCfg = Release|Any CPU
		{3FF2D544-CC60-4883-AECB-81BEA2065533}.Release|Any CPU.Build.0 = Release|Any CPU
		{2D4C28BD-D280-40F7-A1B5-D3F0E0F2BBAC}.Debug|Any CPU.ActiveCfg = Debug|Any CPU
		{2D4C28BD-D280-40F7-A1B5-D3F0E0F2BBAC}.Debug|Any CPU.Build.0 = Debug|Any CPU
		{2D4C28BD-D280-40F7-A1B5-D3F0E0F2BBAC}.Release|Any CPU.ActiveCfg = Release|Any CPU
		{2D4C28BD-D280-40F7-A1B5-D3F0E0F2BBAC}.Release|Any CPU.Build.0 = Release|Any CPU
		{AA60EE59-5D0F-4972-A2C0-B648D5088263}.Debug|Any CPU.ActiveCfg = Debug|Any CPU
		{AA60EE59-5D0F-4972-A2C0-B648D5088263}.Debug|Any CPU.Build.0 = Debug|Any CPU
		{AA60EE59-5D0F-4972-A2C0-B648D5088263}.Release|Any CPU.ActiveCfg = Release|Any CPU
		{AA60EE59-5D0F-4972-A2C0-B648D5088263}.Release|Any CPU.Build.0 = Release|Any CPU
		{386096EB-A999-4C81-B689-C09711E12A2C}.Debug|Any CPU.ActiveCfg = Debug|Any CPU
		{386096EB-A999-4C81-B689-C09711E12A2C}.Debug|Any CPU.Build.0 = Debug|Any CPU
		{386096EB-A999-4C81-B689-C09711E12A2C}.Release|Any CPU.ActiveCfg = Release|Any CPU
		{386096EB-A999-4C81-B689-C09711E12A2C}.Release|Any CPU.Build.0 = Release|Any CPU
		{AA16BF63-A07A-4104-9A15-6FBD05E68F78}.Debug|Any CPU.ActiveCfg = Debug|Any CPU
		{AA16BF63-A07A-4104-9A15-6FBD05E68F78}.Debug|Any CPU.Build.0 = Debug|Any CPU
		{AA16BF63-A07A-4104-9A15-6FBD05E68F78}.Release|Any CPU.ActiveCfg = Release|Any CPU
		{AA16BF63-A07A-4104-9A15-6FBD05E68F78}.Release|Any CPU.Build.0 = Release|Any CPU
		{0B8C1721-83CE-49E8-BF1C-16EA613E487E}.Debug|Any CPU.ActiveCfg = Debug|Any CPU
		{0B8C1721-83CE-49E8-BF1C-16EA613E487E}.Debug|Any CPU.Build.0 = Debug|Any CPU
		{0B8C1721-83CE-49E8-BF1C-16EA613E487E}.Release|Any CPU.ActiveCfg = Release|Any CPU
		{0B8C1721-83CE-49E8-BF1C-16EA613E487E}.Release|Any CPU.Build.0 = Release|Any CPU
		{CB20D510-0CC5-4FBA-9B6F-EC7C32F3B62E}.Debug|Any CPU.ActiveCfg = Debug|Any CPU
		{CB20D510-0CC5-4FBA-9B6F-EC7C32F3B62E}.Debug|Any CPU.Build.0 = Debug|Any CPU
		{CB20D510-0CC5-4FBA-9B6F-EC7C32F3B62E}.Release|Any CPU.ActiveCfg = Release|Any CPU
		{CB20D510-0CC5-4FBA-9B6F-EC7C32F3B62E}.Release|Any CPU.Build.0 = Release|Any CPU
		{0CA8051B-D97B-4F85-8BD3-EE74107D8A44}.Debug|Any CPU.ActiveCfg = Debug|Any CPU
		{0CA8051B-D97B-4F85-8BD3-EE74107D8A44}.Debug|Any CPU.Build.0 = Debug|Any CPU
		{0CA8051B-D97B-4F85-8BD3-EE74107D8A44}.Release|Any CPU.ActiveCfg = Release|Any CPU
		{0CA8051B-D97B-4F85-8BD3-EE74107D8A44}.Release|Any CPU.Build.0 = Release|Any CPU
		{A779393D-834E-4C7C-BFA8-FF81CB5BB4FD}.Debug|Any CPU.ActiveCfg = Debug|Any CPU
		{A779393D-834E-4C7C-BFA8-FF81CB5BB4FD}.Debug|Any CPU.Build.0 = Debug|Any CPU
		{A779393D-834E-4C7C-BFA8-FF81CB5BB4FD}.Release|Any CPU.ActiveCfg = Release|Any CPU
		{A779393D-834E-4C7C-BFA8-FF81CB5BB4FD}.Release|Any CPU.Build.0 = Release|Any CPU
		{5B5CD546-4344-4600-B424-637D2CA4D8CA}.Debug|Any CPU.ActiveCfg = Debug|Any CPU
		{5B5CD546-4344-4600-B424-637D2CA4D8CA}.Debug|Any CPU.Build.0 = Debug|Any CPU
		{5B5CD546-4344-4600-B424-637D2CA4D8CA}.Release|Any CPU.ActiveCfg = Release|Any CPU
		{5B5CD546-4344-4600-B424-637D2CA4D8CA}.Release|Any CPU.Build.0 = Release|Any CPU
		{AD5EF53E-A25F-43CC-9CE7-232A6F844426}.Debug|Any CPU.ActiveCfg = Debug|Any CPU
		{AD5EF53E-A25F-43CC-9CE7-232A6F844426}.Debug|Any CPU.Build.0 = Debug|Any CPU
		{AD5EF53E-A25F-43CC-9CE7-232A6F844426}.Release|Any CPU.ActiveCfg = Release|Any CPU
		{AD5EF53E-A25F-43CC-9CE7-232A6F844426}.Release|Any CPU.Build.0 = Release|Any CPU
		{BA00DEC3-B944-47E7-8571-145C71DCB0B4}.Debug|Any CPU.ActiveCfg = Debug|Any CPU
		{BA00DEC3-B944-47E7-8571-145C71DCB0B4}.Debug|Any CPU.Build.0 = Debug|Any CPU
		{BA00DEC3-B944-47E7-8571-145C71DCB0B4}.Release|Any CPU.ActiveCfg = Release|Any CPU
		{BA00DEC3-B944-47E7-8571-145C71DCB0B4}.Release|Any CPU.Build.0 = Release|Any CPU
		{6D6C34D5-5AE9-41E5-B55A-B47552F83BC9}.Debug|Any CPU.ActiveCfg = Debug|Any CPU
		{6D6C34D5-5AE9-41E5-B55A-B47552F83BC9}.Debug|Any CPU.Build.0 = Debug|Any CPU
		{6D6C34D5-5AE9-41E5-B55A-B47552F83BC9}.Release|Any CPU.ActiveCfg = Release|Any CPU
		{6D6C34D5-5AE9-41E5-B55A-B47552F83BC9}.Release|Any CPU.Build.0 = Release|Any CPU
		{9709D0C0-71A9-4F0A-A65B-718E5112BAC1}.Debug|Any CPU.ActiveCfg = Debug|Any CPU
		{9709D0C0-71A9-4F0A-A65B-718E5112BAC1}.Debug|Any CPU.Build.0 = Debug|Any CPU
		{9709D0C0-71A9-4F0A-A65B-718E5112BAC1}.Release|Any CPU.ActiveCfg = Release|Any CPU
		{9709D0C0-71A9-4F0A-A65B-718E5112BAC1}.Release|Any CPU.Build.0 = Release|Any CPU
		{20DC8351-7C03-454D-9E0D-2403FEA7EAB8}.Debug|Any CPU.ActiveCfg = Debug|Any CPU
		{20DC8351-7C03-454D-9E0D-2403FEA7EAB8}.Debug|Any CPU.Build.0 = Debug|Any CPU
		{20DC8351-7C03-454D-9E0D-2403FEA7EAB8}.Release|Any CPU.ActiveCfg = Release|Any CPU
		{20DC8351-7C03-454D-9E0D-2403FEA7EAB8}.Release|Any CPU.Build.0 = Release|Any CPU
		{AB0A210E-3E4C-458D-9B38-DB3D46A6C34E}.Debug|Any CPU.ActiveCfg = Debug|Any CPU
		{AB0A210E-3E4C-458D-9B38-DB3D46A6C34E}.Debug|Any CPU.Build.0 = Debug|Any CPU
		{AB0A210E-3E4C-458D-9B38-DB3D46A6C34E}.Release|Any CPU.ActiveCfg = Release|Any CPU
		{AB0A210E-3E4C-458D-9B38-DB3D46A6C34E}.Release|Any CPU.Build.0 = Release|Any CPU
		{ADE1A267-93B0-4E8E-979D-BC64B719248E}.Debug|Any CPU.ActiveCfg = Debug|Any CPU
		{ADE1A267-93B0-4E8E-979D-BC64B719248E}.Debug|Any CPU.Build.0 = Debug|Any CPU
		{ADE1A267-93B0-4E8E-979D-BC64B719248E}.Release|Any CPU.ActiveCfg = Release|Any CPU
		{ADE1A267-93B0-4E8E-979D-BC64B719248E}.Release|Any CPU.Build.0 = Release|Any CPU
		{E7EA18A2-66C4-4222-9B4E-85EAFF30FA5F}.Debug|Any CPU.ActiveCfg = Debug|Any CPU
		{E7EA18A2-66C4-4222-9B4E-85EAFF30FA5F}.Debug|Any CPU.Build.0 = Debug|Any CPU
		{E7EA18A2-66C4-4222-9B4E-85EAFF30FA5F}.Release|Any CPU.ActiveCfg = Release|Any CPU
		{E7EA18A2-66C4-4222-9B4E-85EAFF30FA5F}.Release|Any CPU.Build.0 = Release|Any CPU
		{DDE165B2-EA01-4644-929C-977FBCF8A1D9}.Debug|Any CPU.ActiveCfg = Debug|Any CPU
		{DDE165B2-EA01-4644-929C-977FBCF8A1D9}.Debug|Any CPU.Build.0 = Debug|Any CPU
		{DDE165B2-EA01-4644-929C-977FBCF8A1D9}.Release|Any CPU.ActiveCfg = Release|Any CPU
		{DDE165B2-EA01-4644-929C-977FBCF8A1D9}.Release|Any CPU.Build.0 = Release|Any CPU
		{3642A813-8712-44CF-A4EC-97ED6ADC0D82}.Debug|Any CPU.ActiveCfg = Debug|Any CPU
		{3642A813-8712-44CF-A4EC-97ED6ADC0D82}.Debug|Any CPU.Build.0 = Debug|Any CPU
		{3642A813-8712-44CF-A4EC-97ED6ADC0D82}.Release|Any CPU.ActiveCfg = Release|Any CPU
		{3642A813-8712-44CF-A4EC-97ED6ADC0D82}.Release|Any CPU.Build.0 = Release|Any CPU
		{AA8EE44F-AFBC-47B5-8DE3-716BDFF0E870}.Debug|Any CPU.ActiveCfg = Debug|Any CPU
		{AA8EE44F-AFBC-47B5-8DE3-716BDFF0E870}.Debug|Any CPU.Build.0 = Debug|Any CPU
		{AA8EE44F-AFBC-47B5-8DE3-716BDFF0E870}.Release|Any CPU.ActiveCfg = Release|Any CPU
		{AA8EE44F-AFBC-47B5-8DE3-716BDFF0E870}.Release|Any CPU.Build.0 = Release|Any CPU
		{CE4BCF6D-F6F4-4E39-A662-356A8B4DFBE9}.Debug|Any CPU.ActiveCfg = Debug|Any CPU
		{CE4BCF6D-F6F4-4E39-A662-356A8B4DFBE9}.Debug|Any CPU.Build.0 = Debug|Any CPU
		{CE4BCF6D-F6F4-4E39-A662-356A8B4DFBE9}.Release|Any CPU.ActiveCfg = Release|Any CPU
		{CE4BCF6D-F6F4-4E39-A662-356A8B4DFBE9}.Release|Any CPU.Build.0 = Release|Any CPU
	EndGlobalSection
	GlobalSection(SolutionProperties) = preSolution
		HideSolutionNode = FALSE
	EndGlobalSection
	GlobalSection(NestedProjects) = preSolution
		{16B09E97-F528-4225-871D-CED500F9D659} = {C8B7C92A-A580-43E6-BC50-86924F408F6F}
		{BDB98A94-3FFA-40CF-8FDB-49B5E4C7397F} = {2ED35FA6-D29F-4A7C-8B71-7D1F699A02C3}
		{5D35DD1D-D820-4146-83E0-79F2D77C7773} = {C8B7C92A-A580-43E6-BC50-86924F408F6F}
		{3FF2D544-CC60-4883-AECB-81BEA2065533} = {2ED35FA6-D29F-4A7C-8B71-7D1F699A02C3}
		{2D4C28BD-D280-40F7-A1B5-D3F0E0F2BBAC} = {2ED35FA6-D29F-4A7C-8B71-7D1F699A02C3}
		{AA60EE59-5D0F-4972-A2C0-B648D5088263} = {2ED35FA6-D29F-4A7C-8B71-7D1F699A02C3}
		{386096EB-A999-4C81-B689-C09711E12A2C} = {2ED35FA6-D29F-4A7C-8B71-7D1F699A02C3}
		{AA16BF63-A07A-4104-9A15-6FBD05E68F78} = {2ED35FA6-D29F-4A7C-8B71-7D1F699A02C3}
		{0B8C1721-83CE-49E8-BF1C-16EA613E487E} = {2ED35FA6-D29F-4A7C-8B71-7D1F699A02C3}
		{CB20D510-0CC5-4FBA-9B6F-EC7C32F3B62E} = {2ED35FA6-D29F-4A7C-8B71-7D1F699A02C3}
		{0CA8051B-D97B-4F85-8BD3-EE74107D8A44} = {2ED35FA6-D29F-4A7C-8B71-7D1F699A02C3}
		{A779393D-834E-4C7C-BFA8-FF81CB5BB4FD} = {2ED35FA6-D29F-4A7C-8B71-7D1F699A02C3}
		{5B5CD546-4344-4600-B424-637D2CA4D8CA} = {2ED35FA6-D29F-4A7C-8B71-7D1F699A02C3}
		{AD5EF53E-A25F-43CC-9CE7-232A6F844426} = {2ED35FA6-D29F-4A7C-8B71-7D1F699A02C3}
		{BA00DEC3-B944-47E7-8571-145C71DCB0B4} = {2ED35FA6-D29F-4A7C-8B71-7D1F699A02C3}
		{6D6C34D5-5AE9-41E5-B55A-B47552F83BC9} = {C8B7C92A-A580-43E6-BC50-86924F408F6F}
		{9709D0C0-71A9-4F0A-A65B-718E5112BAC1} = {C8B7C92A-A580-43E6-BC50-86924F408F6F}
		{20DC8351-7C03-454D-9E0D-2403FEA7EAB8} = {2ED35FA6-D29F-4A7C-8B71-7D1F699A02C3}
		{AB0A210E-3E4C-458D-9B38-DB3D46A6C34E} = {2ED35FA6-D29F-4A7C-8B71-7D1F699A02C3}
		{ADE1A267-93B0-4E8E-979D-BC64B719248E} = {C8B7C92A-A580-43E6-BC50-86924F408F6F}
		{E7EA18A2-66C4-4222-9B4E-85EAFF30FA5F} = {C8B7C92A-A580-43E6-BC50-86924F408F6F}
		{DDE165B2-EA01-4644-929C-977FBCF8A1D9} = {C8B7C92A-A580-43E6-BC50-86924F408F6F}
		{3642A813-8712-44CF-A4EC-97ED6ADC0D82} = {C8B7C92A-A580-43E6-BC50-86924F408F6F}
		{AA8EE44F-AFBC-47B5-8DE3-716BDFF0E870} = {C8B7C92A-A580-43E6-BC50-86924F408F6F}
		{CE4BCF6D-F6F4-4E39-A662-356A8B4DFBE9} = {C8B7C92A-A580-43E6-BC50-86924F408F6F}
	EndGlobalSection
	GlobalSection(ExtensibilityGlobals) = postSolution
		SolutionGuid = {82CC2E35-6545-4F3F-A883-30477B81350D}
	EndGlobalSection
EndGlobal
