
Microsoft Visual Studio Solution File, Format Version 12.00
# Visual Studio 15
VisualStudioVersion = 15.0.26730.3
MinimumVisualStudioVersion = 10.0.40219.1
Project("{9A19103F-16F7-4668-BE54-9A1E7A4F7556}") = "CQSplit.Core", "CQSplit.Core\CQSplit.Core.csproj", "{0C4DD36D-EE4A-4730-9365-FA894C132B90}"
EndProject
Project("{9A19103F-16F7-4668-BE54-9A1E7A4F7556}") = "CQSplit.Core.Tests", "CQSplit.Core.Tests\CQSplit.Core.Tests.csproj", "{82D1FBB7-8F66-4189-8915-017D97D00C54}"
EndProject
Project("{9A19103F-16F7-4668-BE54-9A1E7A4F7556}") = "CQSplit.Messaging", "CQSplit.Messaging\CQSplit.Messaging.csproj", "{532C0F61-6C0F-485C-8E1A-770126D5FF9D}"
EndProject
Project("{9A19103F-16F7-4668-BE54-9A1E7A4F7556}") = "CQSplit.Messaging.Tests", "CQSplit.Messaging.Tests\CQSplit.Messaging.Tests.csproj", "{A18844CB-8A32-4E0A-8E5D-B53A4076AC86}"
EndProject
Project("{9A19103F-16F7-4668-BE54-9A1E7A4F7556}") = "CQSplit.Messaging.Tests.Common", "CQSplit.Messaging.Tests.Common\CQSplit.Messaging.Tests.Common.csproj", "{B26B30A3-CC8D-4112-A345-5F535195E8C7}"
EndProject
Project("{9A19103F-16F7-4668-BE54-9A1E7A4F7556}") = "CQSplit.Messaging.RabbitMq", "CQSplit.Messaging.RabbitMq\CQSplit.Messaging.RabbitMq.csproj", "{268519B5-FE79-4678-88A8-2883528693A0}"
EndProject
Project("{9A19103F-16F7-4668-BE54-9A1E7A4F7556}") = "CQSplit.DAL", "CQSplit.DAL\CQSplit.DAL.csproj", "{EF37162D-10E6-49CB-B6F8-9A6C9F2AF877}"
EndProject
Project("{9A19103F-16F7-4668-BE54-9A1E7A4F7556}") = "CQSplit.Publish", "CQSplit.Publish\CQSplit.Publish.csproj", "{084806F2-1F0B-4B87-BEE1-B33A4E6905ED}"
EndProject
Project("{9A19103F-16F7-4668-BE54-9A1E7A4F7556}") = "CQSplit.Publish.Tests", "CQSplit.Publish.Tests\CQSplit.Publish.Tests.csproj", "{20B91A87-833F-4E96-85EE-8A2805CD9E82}"
EndProject
Global
	GlobalSection(SolutionConfigurationPlatforms) = preSolution
		Debug|Any CPU = Debug|Any CPU
		Release|Any CPU = Release|Any CPU
	EndGlobalSection
	GlobalSection(ProjectConfigurationPlatforms) = postSolution
		{0C4DD36D-EE4A-4730-9365-FA894C132B90}.Debug|Any CPU.ActiveCfg = Debug|Any CPU
		{0C4DD36D-EE4A-4730-9365-FA894C132B90}.Debug|Any CPU.Build.0 = Debug|Any CPU
		{0C4DD36D-EE4A-4730-9365-FA894C132B90}.Release|Any CPU.ActiveCfg = Release|Any CPU
		{0C4DD36D-EE4A-4730-9365-FA894C132B90}.Release|Any CPU.Build.0 = Release|Any CPU
		{82D1FBB7-8F66-4189-8915-017D97D00C54}.Debug|Any CPU.ActiveCfg = Debug|Any CPU
		{82D1FBB7-8F66-4189-8915-017D97D00C54}.Debug|Any CPU.Build.0 = Debug|Any CPU
		{82D1FBB7-8F66-4189-8915-017D97D00C54}.Release|Any CPU.ActiveCfg = Release|Any CPU
		{82D1FBB7-8F66-4189-8915-017D97D00C54}.Release|Any CPU.Build.0 = Release|Any CPU
		{532C0F61-6C0F-485C-8E1A-770126D5FF9D}.Debug|Any CPU.ActiveCfg = Debug|Any CPU
		{532C0F61-6C0F-485C-8E1A-770126D5FF9D}.Debug|Any CPU.Build.0 = Debug|Any CPU
		{532C0F61-6C0F-485C-8E1A-770126D5FF9D}.Release|Any CPU.ActiveCfg = Release|Any CPU
		{532C0F61-6C0F-485C-8E1A-770126D5FF9D}.Release|Any CPU.Build.0 = Release|Any CPU
		{A18844CB-8A32-4E0A-8E5D-B53A4076AC86}.Debug|Any CPU.ActiveCfg = Debug|Any CPU
		{A18844CB-8A32-4E0A-8E5D-B53A4076AC86}.Debug|Any CPU.Build.0 = Debug|Any CPU
		{A18844CB-8A32-4E0A-8E5D-B53A4076AC86}.Release|Any CPU.ActiveCfg = Release|Any CPU
		{A18844CB-8A32-4E0A-8E5D-B53A4076AC86}.Release|Any CPU.Build.0 = Release|Any CPU
		{B26B30A3-CC8D-4112-A345-5F535195E8C7}.Debug|Any CPU.ActiveCfg = Debug|Any CPU
		{B26B30A3-CC8D-4112-A345-5F535195E8C7}.Debug|Any CPU.Build.0 = Debug|Any CPU
		{B26B30A3-CC8D-4112-A345-5F535195E8C7}.Release|Any CPU.ActiveCfg = Release|Any CPU
		{B26B30A3-CC8D-4112-A345-5F535195E8C7}.Release|Any CPU.Build.0 = Release|Any CPU
		{268519B5-FE79-4678-88A8-2883528693A0}.Debug|Any CPU.ActiveCfg = Debug|Any CPU
		{268519B5-FE79-4678-88A8-2883528693A0}.Debug|Any CPU.Build.0 = Debug|Any CPU
		{268519B5-FE79-4678-88A8-2883528693A0}.Release|Any CPU.ActiveCfg = Release|Any CPU
		{268519B5-FE79-4678-88A8-2883528693A0}.Release|Any CPU.Build.0 = Release|Any CPU
		{EF37162D-10E6-49CB-B6F8-9A6C9F2AF877}.Debug|Any CPU.ActiveCfg = Debug|Any CPU
		{EF37162D-10E6-49CB-B6F8-9A6C9F2AF877}.Debug|Any CPU.Build.0 = Debug|Any CPU
		{EF37162D-10E6-49CB-B6F8-9A6C9F2AF877}.Release|Any CPU.ActiveCfg = Release|Any CPU
		{EF37162D-10E6-49CB-B6F8-9A6C9F2AF877}.Release|Any CPU.Build.0 = Release|Any CPU
		{084806F2-1F0B-4B87-BEE1-B33A4E6905ED}.Debug|Any CPU.ActiveCfg = Debug|Any CPU
		{084806F2-1F0B-4B87-BEE1-B33A4E6905ED}.Debug|Any CPU.Build.0 = Debug|Any CPU
		{084806F2-1F0B-4B87-BEE1-B33A4E6905ED}.Release|Any CPU.ActiveCfg = Release|Any CPU
		{084806F2-1F0B-4B87-BEE1-B33A4E6905ED}.Release|Any CPU.Build.0 = Release|Any CPU
		{20B91A87-833F-4E96-85EE-8A2805CD9E82}.Debug|Any CPU.ActiveCfg = Debug|Any CPU
		{20B91A87-833F-4E96-85EE-8A2805CD9E82}.Debug|Any CPU.Build.0 = Debug|Any CPU
		{20B91A87-833F-4E96-85EE-8A2805CD9E82}.Release|Any CPU.ActiveCfg = Release|Any CPU
		{20B91A87-833F-4E96-85EE-8A2805CD9E82}.Release|Any CPU.Build.0 = Release|Any CPU
	EndGlobalSection
	GlobalSection(SolutionProperties) = preSolution
		HideSolutionNode = FALSE
	EndGlobalSection
	GlobalSection(ExtensibilityGlobals) = postSolution
		SolutionGuid = {02AB02F3-2D00-4787-82F7-5D11D24960A6}
	EndGlobalSection
EndGlobal
