
Microsoft Visual Studio Solution File, Format Version 12.00
# Visual Studio 15
VisualStudioVersion = 15.0.26730.3
MinimumVisualStudioVersion = 10.0.40219.1
Project("{2150E333-8FDC-42A3-9474-1A3956D46DE8}") = "Cafe.Waiter", "Cafe.Waiter", "{2ED35FA6-D29F-4A7C-8B71-7D1F699A02C3}"
EndProject
Project("{9A19103F-16F7-4668-BE54-9A1E7A4F7556}") = "Cafe.Waiter.Web", "Cafe.Waiter.Web\Cafe.Waiter.Web.csproj", "{20DC8351-7C03-454D-9E0D-2403FEA7EAB8}"
EndProject
Project("{9A19103F-16F7-4668-BE54-9A1E7A4F7556}") = "Cafe.Waiter.Contracts", "Cafe.Waiter.Contracts\Cafe.Waiter.Contracts.csproj", "{BE344230-0BB8-4474-9FDB-7E8E1975EC70}"
EndProject
Project("{9A19103F-16F7-4668-BE54-9A1E7A4F7556}") = "Cafe.Waiter.Events", "Cafe.Waiter.Events\Cafe.Waiter.Events.csproj", "{0301246F-B376-4E05-B702-1062598956A3}"
EndProject
Project("{9A19103F-16F7-4668-BE54-9A1E7A4F7556}") = "Cafe.Waiter.Commands", "Cafe.Waiter.Commands\Cafe.Waiter.Commands.csproj", "{C0E6FE8B-8568-4E4C-8E84-BAD3A4694722}"
EndProject
Project("{9A19103F-16F7-4668-BE54-9A1E7A4F7556}") = "Cafe.Waiter.Domain", "Cafe.Waiter.Domain\Cafe.Waiter.Domain.csproj", "{E065B94F-8746-4075-8615-EAA61CEB7ADE}"
EndProject
Project("{9A19103F-16F7-4668-BE54-9A1E7A4F7556}") = "Cafe.Waiter.Domain.Tests", "Cafe.Waiter.Domain.Tests\Cafe.Waiter.Domain.Tests.csproj", "{019B6822-8451-4A1D-8F8F-12A6C6488F09}"
EndProject
Project("{9A19103F-16F7-4668-BE54-9A1E7A4F7556}") = "Cafe.Waiter.Queries.DAL", "Cafe.Waiter.Queries.DAL\Cafe.Waiter.Queries.DAL.csproj", "{7DA2DAB2-0E8E-4CD5-AD43-A6C476610320}"
EndProject
Project("{9A19103F-16F7-4668-BE54-9A1E7A4F7556}") = "Cafe.Waiter.Command.Service", "Cafe.Waiter.Command.Service\Cafe.Waiter.Command.Service.csproj", "{BC34DDE3-C0AD-42E2-8961-393B99D72150}"
EndProject
Project("{9A19103F-16F7-4668-BE54-9A1E7A4F7556}") = "Cafe.Waiter.EventProjecting.Service", "Cafe.Waiter.EventProjecting.Service\Cafe.Waiter.EventProjecting.Service.csproj", "{2618FE24-0CC2-4BDA-BFCE-EE35EE1A999C}"
EndProject
Project("{9A19103F-16F7-4668-BE54-9A1E7A4F7556}") = "Cafe.Waiter.AcceptanceTests", "Cafe.Waiter.AcceptanceTests\Cafe.Waiter.AcceptanceTests.csproj", "{E92AAF73-477A-486A-8530-56292A05F4FE}"
EndProject
Project("{2150E333-8FDC-42A3-9474-1A3956D46DE8}") = "Common", "Common", "{1472977E-80F3-4F87-BA4B-93FBB2EEC4CF}"
EndProject
Project("{9A19103F-16F7-4668-BE54-9A1E7A4F7556}") = "Cafe.DAL.Sql", "Cafe.DAL.Sql\Cafe.DAL.Sql.csproj", "{7734909F-4ED4-47B4-9DFA-6ECB22C83545}"
EndProject
Project("{9A19103F-16F7-4668-BE54-9A1E7A4F7556}") = "Cafe.DAL.Tests.Common", "Cafe.DAL.Tests.Common\Cafe.DAL.Tests.Common.csproj", "{6F166185-B40E-44D2-809B-227B1BC92170}"
EndProject
Project("{9A19103F-16F7-4668-BE54-9A1E7A4F7556}") = "Cafe.DAL.Common", "Cafe.DAL.Common\Cafe.DAL.Common.csproj", "{3E0EFE96-7374-4FFF-9D75-8EB815846BF5}"
EndProject
Project("{9A19103F-16F7-4668-BE54-9A1E7A4F7556}") = "Cafe.DAL.IntegrationTests", "Cafe.DAL.IntegrationTests\Cafe.DAL.IntegrationTests.csproj", "{96CDE0F8-55D2-4B23-A790-BAC8E96A4966}"
EndProject
Project("{9A19103F-16F7-4668-BE54-9A1E7A4F7556}") = "Cafe.Waiter.Web.IntegrationTests", "Cafe.Waiter.Web.IntegrationTests\Cafe.Waiter.Web.IntegrationTests.csproj", "{98094AC7-6C2F-411C-B90E-D2119C2CE694}"
EndProject
Project("{9A19103F-16F7-4668-BE54-9A1E7A4F7556}") = "Cafe.Waiter.Command.Service.IntegrationTests", "Cafe.Waiter.Command.Service.IntegrationTests\Cafe.Waiter.Command.Service.IntegrationTests.csproj", "{12974B44-D31E-404E-8690-379FE353ADF5}"
EndProject
Project("{9A19103F-16F7-4668-BE54-9A1E7A4F7556}") = "Cafe.Waiter.EventProjecting.Service.IntegrationTests", "Cafe.Waiter.EventProjecting.Service.IntegrationTests\Cafe.Waiter.EventProjecting.Service.IntegrationTests.csproj", "{D6C51257-D379-47F6-802A-3E711C9AEB44}"
EndProject
Global
	GlobalSection(SolutionConfigurationPlatforms) = preSolution
		Debug|Any CPU = Debug|Any CPU
		Release|Any CPU = Release|Any CPU
	EndGlobalSection
	GlobalSection(ProjectConfigurationPlatforms) = postSolution
		{20DC8351-7C03-454D-9E0D-2403FEA7EAB8}.Debug|Any CPU.ActiveCfg = Debug|Any CPU
		{20DC8351-7C03-454D-9E0D-2403FEA7EAB8}.Debug|Any CPU.Build.0 = Debug|Any CPU
		{20DC8351-7C03-454D-9E0D-2403FEA7EAB8}.Release|Any CPU.ActiveCfg = Release|Any CPU
		{20DC8351-7C03-454D-9E0D-2403FEA7EAB8}.Release|Any CPU.Build.0 = Release|Any CPU
		{BE344230-0BB8-4474-9FDB-7E8E1975EC70}.Debug|Any CPU.ActiveCfg = Debug|Any CPU
		{BE344230-0BB8-4474-9FDB-7E8E1975EC70}.Debug|Any CPU.Build.0 = Debug|Any CPU
		{BE344230-0BB8-4474-9FDB-7E8E1975EC70}.Release|Any CPU.ActiveCfg = Release|Any CPU
		{BE344230-0BB8-4474-9FDB-7E8E1975EC70}.Release|Any CPU.Build.0 = Release|Any CPU
		{0301246F-B376-4E05-B702-1062598956A3}.Debug|Any CPU.ActiveCfg = Debug|Any CPU
		{0301246F-B376-4E05-B702-1062598956A3}.Debug|Any CPU.Build.0 = Debug|Any CPU
		{0301246F-B376-4E05-B702-1062598956A3}.Release|Any CPU.ActiveCfg = Release|Any CPU
		{0301246F-B376-4E05-B702-1062598956A3}.Release|Any CPU.Build.0 = Release|Any CPU
		{C0E6FE8B-8568-4E4C-8E84-BAD3A4694722}.Debug|Any CPU.ActiveCfg = Debug|Any CPU
		{C0E6FE8B-8568-4E4C-8E84-BAD3A4694722}.Debug|Any CPU.Build.0 = Debug|Any CPU
		{C0E6FE8B-8568-4E4C-8E84-BAD3A4694722}.Release|Any CPU.ActiveCfg = Release|Any CPU
		{C0E6FE8B-8568-4E4C-8E84-BAD3A4694722}.Release|Any CPU.Build.0 = Release|Any CPU
		{E065B94F-8746-4075-8615-EAA61CEB7ADE}.Debug|Any CPU.ActiveCfg = Debug|Any CPU
		{E065B94F-8746-4075-8615-EAA61CEB7ADE}.Debug|Any CPU.Build.0 = Debug|Any CPU
		{E065B94F-8746-4075-8615-EAA61CEB7ADE}.Release|Any CPU.ActiveCfg = Release|Any CPU
		{E065B94F-8746-4075-8615-EAA61CEB7ADE}.Release|Any CPU.Build.0 = Release|Any CPU
		{019B6822-8451-4A1D-8F8F-12A6C6488F09}.Debug|Any CPU.ActiveCfg = Debug|Any CPU
		{019B6822-8451-4A1D-8F8F-12A6C6488F09}.Debug|Any CPU.Build.0 = Debug|Any CPU
		{019B6822-8451-4A1D-8F8F-12A6C6488F09}.Release|Any CPU.ActiveCfg = Release|Any CPU
		{019B6822-8451-4A1D-8F8F-12A6C6488F09}.Release|Any CPU.Build.0 = Release|Any CPU
		{7DA2DAB2-0E8E-4CD5-AD43-A6C476610320}.Debug|Any CPU.ActiveCfg = Debug|Any CPU
		{7DA2DAB2-0E8E-4CD5-AD43-A6C476610320}.Debug|Any CPU.Build.0 = Debug|Any CPU
		{7DA2DAB2-0E8E-4CD5-AD43-A6C476610320}.Release|Any CPU.ActiveCfg = Release|Any CPU
		{7DA2DAB2-0E8E-4CD5-AD43-A6C476610320}.Release|Any CPU.Build.0 = Release|Any CPU
		{BC34DDE3-C0AD-42E2-8961-393B99D72150}.Debug|Any CPU.ActiveCfg = Debug|Any CPU
		{BC34DDE3-C0AD-42E2-8961-393B99D72150}.Debug|Any CPU.Build.0 = Debug|Any CPU
		{BC34DDE3-C0AD-42E2-8961-393B99D72150}.Release|Any CPU.ActiveCfg = Release|Any CPU
		{BC34DDE3-C0AD-42E2-8961-393B99D72150}.Release|Any CPU.Build.0 = Release|Any CPU
		{2618FE24-0CC2-4BDA-BFCE-EE35EE1A999C}.Debug|Any CPU.ActiveCfg = Debug|Any CPU
		{2618FE24-0CC2-4BDA-BFCE-EE35EE1A999C}.Debug|Any CPU.Build.0 = Debug|Any CPU
		{2618FE24-0CC2-4BDA-BFCE-EE35EE1A999C}.Release|Any CPU.ActiveCfg = Release|Any CPU
		{2618FE24-0CC2-4BDA-BFCE-EE35EE1A999C}.Release|Any CPU.Build.0 = Release|Any CPU
		{E92AAF73-477A-486A-8530-56292A05F4FE}.Debug|Any CPU.ActiveCfg = Debug|Any CPU
		{E92AAF73-477A-486A-8530-56292A05F4FE}.Debug|Any CPU.Build.0 = Debug|Any CPU
		{E92AAF73-477A-486A-8530-56292A05F4FE}.Release|Any CPU.ActiveCfg = Release|Any CPU
		{E92AAF73-477A-486A-8530-56292A05F4FE}.Release|Any CPU.Build.0 = Release|Any CPU
		{7734909F-4ED4-47B4-9DFA-6ECB22C83545}.Debug|Any CPU.ActiveCfg = Debug|Any CPU
		{7734909F-4ED4-47B4-9DFA-6ECB22C83545}.Debug|Any CPU.Build.0 = Debug|Any CPU
		{7734909F-4ED4-47B4-9DFA-6ECB22C83545}.Release|Any CPU.ActiveCfg = Release|Any CPU
		{7734909F-4ED4-47B4-9DFA-6ECB22C83545}.Release|Any CPU.Build.0 = Release|Any CPU
		{6F166185-B40E-44D2-809B-227B1BC92170}.Debug|Any CPU.ActiveCfg = Debug|Any CPU
		{6F166185-B40E-44D2-809B-227B1BC92170}.Debug|Any CPU.Build.0 = Debug|Any CPU
		{6F166185-B40E-44D2-809B-227B1BC92170}.Release|Any CPU.ActiveCfg = Release|Any CPU
		{6F166185-B40E-44D2-809B-227B1BC92170}.Release|Any CPU.Build.0 = Release|Any CPU
		{3E0EFE96-7374-4FFF-9D75-8EB815846BF5}.Debug|Any CPU.ActiveCfg = Debug|Any CPU
		{3E0EFE96-7374-4FFF-9D75-8EB815846BF5}.Debug|Any CPU.Build.0 = Debug|Any CPU
		{3E0EFE96-7374-4FFF-9D75-8EB815846BF5}.Release|Any CPU.ActiveCfg = Release|Any CPU
		{3E0EFE96-7374-4FFF-9D75-8EB815846BF5}.Release|Any CPU.Build.0 = Release|Any CPU
		{96CDE0F8-55D2-4B23-A790-BAC8E96A4966}.Debug|Any CPU.ActiveCfg = Debug|Any CPU
		{96CDE0F8-55D2-4B23-A790-BAC8E96A4966}.Debug|Any CPU.Build.0 = Debug|Any CPU
		{96CDE0F8-55D2-4B23-A790-BAC8E96A4966}.Release|Any CPU.ActiveCfg = Release|Any CPU
		{96CDE0F8-55D2-4B23-A790-BAC8E96A4966}.Release|Any CPU.Build.0 = Release|Any CPU
		{98094AC7-6C2F-411C-B90E-D2119C2CE694}.Debug|Any CPU.ActiveCfg = Debug|Any CPU
		{98094AC7-6C2F-411C-B90E-D2119C2CE694}.Debug|Any CPU.Build.0 = Debug|Any CPU
		{98094AC7-6C2F-411C-B90E-D2119C2CE694}.Release|Any CPU.ActiveCfg = Release|Any CPU
		{98094AC7-6C2F-411C-B90E-D2119C2CE694}.Release|Any CPU.Build.0 = Release|Any CPU
		{12974B44-D31E-404E-8690-379FE353ADF5}.Debug|Any CPU.ActiveCfg = Debug|Any CPU
		{12974B44-D31E-404E-8690-379FE353ADF5}.Debug|Any CPU.Build.0 = Debug|Any CPU
		{12974B44-D31E-404E-8690-379FE353ADF5}.Release|Any CPU.ActiveCfg = Release|Any CPU
		{12974B44-D31E-404E-8690-379FE353ADF5}.Release|Any CPU.Build.0 = Release|Any CPU
		{D6C51257-D379-47F6-802A-3E711C9AEB44}.Debug|Any CPU.ActiveCfg = Debug|Any CPU
		{D6C51257-D379-47F6-802A-3E711C9AEB44}.Debug|Any CPU.Build.0 = Debug|Any CPU
		{D6C51257-D379-47F6-802A-3E711C9AEB44}.Release|Any CPU.ActiveCfg = Release|Any CPU
		{D6C51257-D379-47F6-802A-3E711C9AEB44}.Release|Any CPU.Build.0 = Release|Any CPU
	EndGlobalSection
	GlobalSection(SolutionProperties) = preSolution
		HideSolutionNode = FALSE
	EndGlobalSection
	GlobalSection(NestedProjects) = preSolution
		{20DC8351-7C03-454D-9E0D-2403FEA7EAB8} = {2ED35FA6-D29F-4A7C-8B71-7D1F699A02C3}
		{BE344230-0BB8-4474-9FDB-7E8E1975EC70} = {2ED35FA6-D29F-4A7C-8B71-7D1F699A02C3}
		{0301246F-B376-4E05-B702-1062598956A3} = {2ED35FA6-D29F-4A7C-8B71-7D1F699A02C3}
		{C0E6FE8B-8568-4E4C-8E84-BAD3A4694722} = {2ED35FA6-D29F-4A7C-8B71-7D1F699A02C3}
		{E065B94F-8746-4075-8615-EAA61CEB7ADE} = {2ED35FA6-D29F-4A7C-8B71-7D1F699A02C3}
		{019B6822-8451-4A1D-8F8F-12A6C6488F09} = {2ED35FA6-D29F-4A7C-8B71-7D1F699A02C3}
		{7DA2DAB2-0E8E-4CD5-AD43-A6C476610320} = {2ED35FA6-D29F-4A7C-8B71-7D1F699A02C3}
		{BC34DDE3-C0AD-42E2-8961-393B99D72150} = {2ED35FA6-D29F-4A7C-8B71-7D1F699A02C3}
		{2618FE24-0CC2-4BDA-BFCE-EE35EE1A999C} = {2ED35FA6-D29F-4A7C-8B71-7D1F699A02C3}
		{E92AAF73-477A-486A-8530-56292A05F4FE} = {2ED35FA6-D29F-4A7C-8B71-7D1F699A02C3}
		{7734909F-4ED4-47B4-9DFA-6ECB22C83545} = {1472977E-80F3-4F87-BA4B-93FBB2EEC4CF}
		{6F166185-B40E-44D2-809B-227B1BC92170} = {1472977E-80F3-4F87-BA4B-93FBB2EEC4CF}
		{3E0EFE96-7374-4FFF-9D75-8EB815846BF5} = {1472977E-80F3-4F87-BA4B-93FBB2EEC4CF}
		{96CDE0F8-55D2-4B23-A790-BAC8E96A4966} = {1472977E-80F3-4F87-BA4B-93FBB2EEC4CF}
		{98094AC7-6C2F-411C-B90E-D2119C2CE694} = {2ED35FA6-D29F-4A7C-8B71-7D1F699A02C3}
		{12974B44-D31E-404E-8690-379FE353ADF5} = {2ED35FA6-D29F-4A7C-8B71-7D1F699A02C3}
		{D6C51257-D379-47F6-802A-3E711C9AEB44} = {2ED35FA6-D29F-4A7C-8B71-7D1F699A02C3}
	EndGlobalSection
	GlobalSection(ExtensibilityGlobals) = postSolution
		SolutionGuid = {82CC2E35-6545-4F3F-A883-30477B81350D}
	EndGlobalSection
EndGlobal
